// !$*UTF8*$!
{
	archiveVersion = 1;
	classes = {
	};
	objectVersion = 46;
	objects = {

/* Begin PBXAggregateTarget section */
		6D6E70F1E72A6AD2B38E5D42 /* viator-dual-saturator - All */ = {
			isa = PBXAggregateTarget;
			buildConfigurationList = 1390B239FEC409B365B436CA;
			buildPhases = (
			);
			dependencies = (
				C5685E6730FF50AC282E7995,
				5A560155CDC15F082EAFEE3C,
				AD26B712C14FED1A28CD0BCF,
				74C7CF33D4C209AFE8BFD667,
				9A816EFD19C67E049C2C2314,
			);
			name = "viator-dual-saturator - All";
			productName = "viator-dual-saturator";
		};
/* End PBXAggregateTarget section */

/* Begin PBXBuildFile section */
		0D1EF3DCA05EC053181FDC6F /* Foundation.framework */ = {isa = PBXBuildFile; fileRef = 74DD3A7BEFB11700FE63BB12; };
		187E30024295821C5B239C06 /* QuartzCore.framework */ = {isa = PBXBuildFile; fileRef = A5D1DDE0B4CFA915695FD9DE; };
		1DDE6CDD0B25EBE2E3CC45EE /* Parameters.cpp */ = {isa = PBXBuildFile; fileRef = 647482F0B99DE485BEC150F1; };
		21F276C9D3FBD887552A9ABF /* include_juce_audio_utils.mm */ = {isa = PBXBuildFile; fileRef = 344CBFDF09CF8572B99492A8; };
		2454DD32FA7D986EFDAB4034 /* include_juce_audio_processors_ara.cpp */ = {isa = PBXBuildFile; fileRef = 3F9F221EE0ADD3CC7F9D5945; };
		2B032D78BC33226F911D00CC /* Standalone Plugin */ = {isa = PBXBuildFile; fileRef = 3AE800C1CDC7364C054FA7D2; };
		2C390FCF73BD58C236156FF3 /* include_juce_audio_plugin_client_AU_2.mm */ = {isa = PBXBuildFile; fileRef = 4D4191CEEE8C8EB353209846; };
		4448C71A4D6F7ECDEF4030C2 /* include_juce_core.mm */ = {isa = PBXBuildFile; fileRef = FB0C229549E34D66B155DA34; };
		45A0B818D0A3412B7FAB26A3 /* Globals.cpp */ = {isa = PBXBuildFile; fileRef = 970112EBC6D0FACF65F2BF04; };
		5093EE410DD38D7C4821068F /* include_juce_data_structures.mm */ = {isa = PBXBuildFile; fileRef = E716CD349D4E9D1B05C647E1; };
		533FF96224D729136550924E /* include_juce_audio_plugin_client_Standalone.cpp */ = {isa = PBXBuildFile; fileRef = 412DAB52E66DD051B04DAAC5; };
		5BB81A4738C40B50065F9114 /* include_juce_audio_formats.mm */ = {isa = PBXBuildFile; fileRef = CFF0ABD8E93FEF4E96E3B38B; };
		6263237494E63D28B9B2AEF5 /* include_juce_audio_processors_lv2_libs.cpp */ = {isa = PBXBuildFile; fileRef = ED5C23D550C4E08929E9225C; };
		6386710FC339EB52CBD857B8 /* AudioToolbox.framework */ = {isa = PBXBuildFile; fileRef = 0BA2A1F8FA1E8FFE4E9DDB4C; };
		64624C2A05822017EF378427 /* VST3 Manifest Helper */ = {isa = PBXBuildFile; fileRef = F454883C3A0396E426756945; };
		66BFE2E1FD1EB475835D017B /* RecentFilesMenuTemplate.nib */ = {isa = PBXBuildFile; fileRef = CCA0B7A8C8FDCD026EE122EA; };
		6928210CE47EA966A0CE7E25 /* Security.framework */ = {isa = PBXBuildFile; fileRef = E85967911108B8B1E8B659BF; };
		6AC39E20F5BD26B13FEA1871 /* VST3 */ = {isa = PBXBuildFile; fileRef = 6DDA31E43781F599C42332CC; };
		73533315C57FB3BC0AAE3A5B /* include_juce_dsp.mm */ = {isa = PBXBuildFile; fileRef = 617BDF59D27FB99DA539C274; };
		79B37E64B1A0BE93EA2FAEF6 /* WebKit.framework */ = {isa = PBXBuildFile; fileRef = FCC872DC9765F903EADE8C13; };
		7C58DC250BDFB57E335BAE57 /* include_juce_graphics.mm */ = {isa = PBXBuildFile; fileRef = D8415E540528130BFB297A92; };
		8C4C46245DF77E8D65EF4B92 /* Cocoa.framework */ = {isa = PBXBuildFile; fileRef = FBBF767D8E0A430C100A80D1; };
		8E3A27316C4DE53D8126913B /* juce_VST3ManifestHelper.mm */ = {isa = PBXBuildFile; fileRef = 3897AB7DC8BBDFEE97896711; settings = { COMPILER_FLAGS = "-std=c++17 -fobjc-arc -w -DJUCE_SKIP_PRECOMPILED_HEADER"; }; };
		9C7C2062156113761439172E /* include_juce_audio_plugin_client_AU_1.mm */ = {isa = PBXBuildFile; fileRef = A542F5D45EF987E67FA0A1B6; };
		9DC7130ED546113CCCCDD6D4 /* MetalKit.framework */ = {isa = PBXBuildFile; fileRef = DB9EBFAC6C51D431254380CD; settings = { ATTRIBUTES = (Weak, ); }; };
		9DEC1B68453137B7A2EBED80 /* PluginProcessor.cpp */ = {isa = PBXBuildFile; fileRef = 495EC6B17B32400B08AE69BB; };
		9E7AE4ACA745B72353B7D1C0 /* include_juce_audio_devices.mm */ = {isa = PBXBuildFile; fileRef = 184556984175537C022AC1B6; };
		A2C89DD0857CC35D95FC3AE3 /* CoreMIDI.framework */ = {isa = PBXBuildFile; fileRef = EF405F35CF4267163ACBE167; };
		AF7A14AD0677C3549707C58B /* include_juce_audio_basics.mm */ = {isa = PBXBuildFile; fileRef = A66A2A137799004D6C411493; };
		B09E4773F032504B68FDBD0D /* AudioUnit.framework */ = {isa = PBXBuildFile; fileRef = 55439D695762BAC4F6B83386; };
		B107AEDBE9978DABAB6929E6 /* DiscRecording.framework */ = {isa = PBXBuildFile; fileRef = 7F7C107CC76F9A2789F381DE; };
		B55146A66DA8AEBAEA03F1F7 /* IOKit.framework */ = {isa = PBXBuildFile; fileRef = 0BFC43FD6588431570695574; };
		B60E5CFBE150E2CA8D157033 /* include_juce_events.mm */ = {isa = PBXBuildFile; fileRef = 98590D2349B0CB96DAAF4F23; };
		BE661DF0848E3C376E334A55 /* include_juce_audio_processors.mm */ = {isa = PBXBuildFile; fileRef = 97A5D17A4F182CD668F563DA; };
		C01E2E4701007A084E4A8DA5 /* Shared Code */ = {isa = PBXBuildFile; fileRef = C5C5132EBF7B4C46A4B13EC3; };
		C0ECBD13DE7D374A98252118 /* Metal.framework */ = {isa = PBXBuildFile; fileRef = A418AEB0E4439355B9765C7A; settings = { ATTRIBUTES = (Weak, ); }; };
		C2B7F968D91FAE8658D8372C /* CoreAudio.framework */ = {isa = PBXBuildFile; fileRef = 361882887241F07955D60633; };
		C4BF62B37CDA7A4E7B946803 /* CoreAudioKit.framework */ = {isa = PBXBuildFile; fileRef = 9584E9C0195FC6E94A5CCB3D; };
		C74FF0C7F7ABE21793A4FD6F /* AU */ = {isa = PBXBuildFile; fileRef = 725DDBF426D9B20FD7040A2A; };
		CA82170C16658DEF3627BFB3 /* include_juce_audio_plugin_client_ARA.cpp */ = {isa = PBXBuildFile; fileRef = 032BCC3CE0890CE873EEBFA1; };
		DD035870ECB35F4EE41DC386 /* PluginEditor.cpp */ = {isa = PBXBuildFile; fileRef = 18EB41CF4BEB2A214DE44AFC; };
		E4109839FC371F986F6561BD /* include_juce_gui_extra.mm */ = {isa = PBXBuildFile; fileRef = 61FA3E7E2E2E56B873A88F25; };
		E4CA4BFBCB394A722E54ED72 /* Accelerate.framework */ = {isa = PBXBuildFile; fileRef = CFC96CD939DD7DAAA5E42E15; };
		F4F530AEF0E54A712A433A9D /* include_juce_audio_plugin_client_VST3.mm */ = {isa = PBXBuildFile; fileRef = 26A7A7DEDAAB79B77DE2F9AF; };
		FE8896138439AAECF6A31544 /* include_juce_gui_basics.mm */ = {isa = PBXBuildFile; fileRef = 2A0B95361064E431B608D33F; };
/* End PBXBuildFile section */

/* Begin PBXFileReference section */
		01A7CF535F6264AFC4164DB0 /* JuceHeader.h */ /* JuceHeader.h */ = {isa = PBXFileReference; lastKnownFileType = sourcecode.c.h; name = JuceHeader.h; path = ../../JuceLibraryCode/JuceHeader.h; sourceTree = SOURCE_ROOT; };
		032BCC3CE0890CE873EEBFA1 /* include_juce_audio_plugin_client_ARA.cpp */ /* include_juce_audio_plugin_client_ARA.cpp */ = {isa = PBXFileReference; lastKnownFileType = sourcecode.cpp.cpp; name = include_juce_audio_plugin_client_ARA.cpp; path = ../../JuceLibraryCode/include_juce_audio_plugin_client_ARA.cpp; sourceTree = SOURCE_ROOT; };
		0BA2A1F8FA1E8FFE4E9DDB4C /* AudioToolbox.framework */ /* AudioToolbox.framework */ = {isa = PBXFileReference; lastKnownFileType = wrapper.framework; name = AudioToolbox.framework; path = System/Library/Frameworks/AudioToolbox.framework; sourceTree = SDKROOT; };
		0BFC43FD6588431570695574 /* IOKit.framework */ /* IOKit.framework */ = {isa = PBXFileReference; lastKnownFileType = wrapper.framework; name = IOKit.framework; path = System/Library/Frameworks/IOKit.framework; sourceTree = SDKROOT; };
		0E8E07D7FE7C6DE2497098E3 /* juce_audio_formats */ /* juce_audio_formats */ = {isa = PBXFileReference; lastKnownFileType = folder; name = juce_audio_formats; path = ../../../../JUCE/modules/juce_audio_formats; sourceTree = SOURCE_ROOT; };
		184556984175537C022AC1B6 /* include_juce_audio_devices.mm */ /* include_juce_audio_devices.mm */ = {isa = PBXFileReference; lastKnownFileType = sourcecode.cpp.objcpp; name = include_juce_audio_devices.mm; path = ../../JuceLibraryCode/include_juce_audio_devices.mm; sourceTree = SOURCE_ROOT; };
		18EB41CF4BEB2A214DE44AFC /* PluginEditor.cpp */ /* PluginEditor.cpp */ = {isa = PBXFileReference; lastKnownFileType = sourcecode.cpp.cpp; name = PluginEditor.cpp; path = ../../Source/PluginEditor.cpp; sourceTree = SOURCE_ROOT; };
		1D7023008E46A60FCAF76D67 /* juce_gui_extra */ /* juce_gui_extra */ = {isa = PBXFileReference; lastKnownFileType = folder; name = juce_gui_extra; path = ../../../../JUCE/modules/juce_gui_extra; sourceTree = SOURCE_ROOT; };
		24FB81D7D39EC40E0567D73B /* juce_data_structures */ /* juce_data_structures */ = {isa = PBXFileReference; lastKnownFileType = folder; name = juce_data_structures; path = ../../../../JUCE/modules/juce_data_structures; sourceTree = SOURCE_ROOT; };
		26A7A7DEDAAB79B77DE2F9AF /* include_juce_audio_plugin_client_VST3.mm */ /* include_juce_audio_plugin_client_VST3.mm */ = {isa = PBXFileReference; lastKnownFileType = sourcecode.cpp.objcpp; name = include_juce_audio_plugin_client_VST3.mm; path = ../../JuceLibraryCode/include_juce_audio_plugin_client_VST3.mm; sourceTree = SOURCE_ROOT; };
		2A0B95361064E431B608D33F /* include_juce_gui_basics.mm */ /* include_juce_gui_basics.mm */ = {isa = PBXFileReference; lastKnownFileType = sourcecode.cpp.objcpp; name = include_juce_gui_basics.mm; path = ../../JuceLibraryCode/include_juce_gui_basics.mm; sourceTree = SOURCE_ROOT; };
		32BAFE6517DD7C734D984022 /* juce_gui_basics */ /* juce_gui_basics */ = {isa = PBXFileReference; lastKnownFileType = folder; name = juce_gui_basics; path = ../../../../JUCE/modules/juce_gui_basics; sourceTree = SOURCE_ROOT; };
		344CBFDF09CF8572B99492A8 /* include_juce_audio_utils.mm */ /* include_juce_audio_utils.mm */ = {isa = PBXFileReference; lastKnownFileType = sourcecode.cpp.objcpp; name = include_juce_audio_utils.mm; path = ../../JuceLibraryCode/include_juce_audio_utils.mm; sourceTree = SOURCE_ROOT; };
		361882887241F07955D60633 /* CoreAudio.framework */ /* CoreAudio.framework */ = {isa = PBXFileReference; lastKnownFileType = wrapper.framework; name = CoreAudio.framework; path = System/Library/Frameworks/CoreAudio.framework; sourceTree = SDKROOT; };
		3897AB7DC8BBDFEE97896711 /* juce_VST3ManifestHelper.mm */ /* juce_VST3ManifestHelper.mm */ = {isa = PBXFileReference; lastKnownFileType = sourcecode.cpp.objcpp; name = juce_VST3ManifestHelper.mm; path = "$(SRCROOT)/../../../../JUCE/modules/juce_audio_plugin_client/VST3/juce_VST3ManifestHelper.mm"; sourceTree = "<absolute>"; };
		3AE800C1CDC7364C054FA7D2 /* Standalone Plugin */ = {isa = PBXFileReference; explicitFileType = wrapper.application; includeInIndex = 0; path = "viator-dual-saturator.app"; sourceTree = BUILT_PRODUCTS_DIR; };
		3F9F221EE0ADD3CC7F9D5945 /* include_juce_audio_processors_ara.cpp */ /* include_juce_audio_processors_ara.cpp */ = {isa = PBXFileReference; lastKnownFileType = sourcecode.cpp.cpp; name = include_juce_audio_processors_ara.cpp; path = ../../JuceLibraryCode/include_juce_audio_processors_ara.cpp; sourceTree = SOURCE_ROOT; };
		412DAB52E66DD051B04DAAC5 /* include_juce_audio_plugin_client_Standalone.cpp */ /* include_juce_audio_plugin_client_Standalone.cpp */ = {isa = PBXFileReference; lastKnownFileType = sourcecode.cpp.cpp; name = include_juce_audio_plugin_client_Standalone.cpp; path = ../../JuceLibraryCode/include_juce_audio_plugin_client_Standalone.cpp; sourceTree = SOURCE_ROOT; };
		495EC6B17B32400B08AE69BB /* PluginProcessor.cpp */ /* PluginProcessor.cpp */ = {isa = PBXFileReference; lastKnownFileType = sourcecode.cpp.cpp; name = PluginProcessor.cpp; path = ../../Source/PluginProcessor.cpp; sourceTree = SOURCE_ROOT; };
		4D4191CEEE8C8EB353209846 /* include_juce_audio_plugin_client_AU_2.mm */ /* include_juce_audio_plugin_client_AU_2.mm */ = {isa = PBXFileReference; lastKnownFileType = sourcecode.cpp.objcpp; name = include_juce_audio_plugin_client_AU_2.mm; path = ../../JuceLibraryCode/include_juce_audio_plugin_client_AU_2.mm; sourceTree = SOURCE_ROOT; };
		544B077478299D319C6384E6 /* juce_audio_processors */ /* juce_audio_processors */ = {isa = PBXFileReference; lastKnownFileType = folder; name = juce_audio_processors; path = ../../../../JUCE/modules/juce_audio_processors; sourceTree = SOURCE_ROOT; };
		55439D695762BAC4F6B83386 /* AudioUnit.framework */ /* AudioUnit.framework */ = {isa = PBXFileReference; lastKnownFileType = wrapper.framework; name = AudioUnit.framework; path = System/Library/Frameworks/AudioUnit.framework; sourceTree = SDKROOT; };
		58321DFF9861D25E27939DE6 /* PluginProcessor.h */ /* PluginProcessor.h */ = {isa = PBXFileReference; lastKnownFileType = sourcecode.c.h; name = PluginProcessor.h; path = ../../Source/PluginProcessor.h; sourceTree = SOURCE_ROOT; };
		5FF3BCE07FD67A84B8ABAFB0 /* juce_audio_plugin_client */ /* juce_audio_plugin_client */ = {isa = PBXFileReference; lastKnownFileType = folder; name = juce_audio_plugin_client; path = ../../../../JUCE/modules/juce_audio_plugin_client; sourceTree = SOURCE_ROOT; };
		617BDF59D27FB99DA539C274 /* include_juce_dsp.mm */ /* include_juce_dsp.mm */ = {isa = PBXFileReference; lastKnownFileType = sourcecode.cpp.objcpp; name = include_juce_dsp.mm; path = ../../JuceLibraryCode/include_juce_dsp.mm; sourceTree = SOURCE_ROOT; };
		61FA3E7E2E2E56B873A88F25 /* include_juce_gui_extra.mm */ /* include_juce_gui_extra.mm */ = {isa = PBXFileReference; lastKnownFileType = sourcecode.cpp.objcpp; name = include_juce_gui_extra.mm; path = ../../JuceLibraryCode/include_juce_gui_extra.mm; sourceTree = SOURCE_ROOT; };
		6344D77AF155D03AC35396E8 /* juce_events */ /* juce_events */ = {isa = PBXFileReference; lastKnownFileType = folder; name = juce_events; path = ../../../../JUCE/modules/juce_events; sourceTree = SOURCE_ROOT; };
		647482F0B99DE485BEC150F1 /* Parameters.cpp */ /* Parameters.cpp */ = {isa = PBXFileReference; lastKnownFileType = sourcecode.cpp.cpp; name = Parameters.cpp; path = ../../Source/globals/Parameters.cpp; sourceTree = SOURCE_ROOT; };
		6DDA31E43781F599C42332CC /* VST3 */ = {isa = PBXFileReference; explicitFileType = wrapper.cfbundle; includeInIndex = 0; path = "viator-dual-saturator.vst3"; sourceTree = BUILT_PRODUCTS_DIR; };
		6FBF62A39C5A4DB9EB816D07 /* Globals.h */ /* Globals.h */ = {isa = PBXFileReference; lastKnownFileType = sourcecode.c.h; name = Globals.h; path = ../../Source/globals/Globals.h; sourceTree = SOURCE_ROOT; };
		725DDBF426D9B20FD7040A2A /* AU */ = {isa = PBXFileReference; explicitFileType = wrapper.cfbundle; includeInIndex = 0; path = "viator-dual-saturator.component"; sourceTree = BUILT_PRODUCTS_DIR; };
		74DD3A7BEFB11700FE63BB12 /* Foundation.framework */ /* Foundation.framework */ = {isa = PBXFileReference; lastKnownFileType = wrapper.framework; name = Foundation.framework; path = System/Library/Frameworks/Foundation.framework; sourceTree = SDKROOT; };
		7DE259E631C1460AEF6A6672 /* juce_core */ /* juce_core */ = {isa = PBXFileReference; lastKnownFileType = folder; name = juce_core; path = ../../../../JUCE/modules/juce_core; sourceTree = SOURCE_ROOT; };
		7F7C107CC76F9A2789F381DE /* DiscRecording.framework */ /* DiscRecording.framework */ = {isa = PBXFileReference; lastKnownFileType = wrapper.framework; name = DiscRecording.framework; path = System/Library/Frameworks/DiscRecording.framework; sourceTree = SDKROOT; };
		8681EC066016EE01F1851382 /* juce_audio_devices */ /* juce_audio_devices */ = {isa = PBXFileReference; lastKnownFileType = folder; name = juce_audio_devices; path = ../../../../JUCE/modules/juce_audio_devices; sourceTree = SOURCE_ROOT; };
		9584E9C0195FC6E94A5CCB3D /* CoreAudioKit.framework */ /* CoreAudioKit.framework */ = {isa = PBXFileReference; lastKnownFileType = wrapper.framework; name = CoreAudioKit.framework; path = System/Library/Frameworks/CoreAudioKit.framework; sourceTree = SDKROOT; };
		970112EBC6D0FACF65F2BF04 /* Globals.cpp */ /* Globals.cpp */ = {isa = PBXFileReference; lastKnownFileType = sourcecode.cpp.cpp; name = Globals.cpp; path = ../../Source/globals/Globals.cpp; sourceTree = SOURCE_ROOT; };
		97A5D17A4F182CD668F563DA /* include_juce_audio_processors.mm */ /* include_juce_audio_processors.mm */ = {isa = PBXFileReference; lastKnownFileType = sourcecode.cpp.objcpp; name = include_juce_audio_processors.mm; path = ../../JuceLibraryCode/include_juce_audio_processors.mm; sourceTree = SOURCE_ROOT; };
		98590D2349B0CB96DAAF4F23 /* include_juce_events.mm */ /* include_juce_events.mm */ = {isa = PBXFileReference; lastKnownFileType = sourcecode.cpp.objcpp; name = include_juce_events.mm; path = ../../JuceLibraryCode/include_juce_events.mm; sourceTree = SOURCE_ROOT; };
		A3C21908732713026E6B0455 /* juce_audio_basics */ /* juce_audio_basics */ = {isa = PBXFileReference; lastKnownFileType = folder; name = juce_audio_basics; path = ../../../modules/JUCE/modules/juce_audio_basics; sourceTree = SOURCE_ROOT; };
		A418AEB0E4439355B9765C7A /* Metal.framework */ /* Metal.framework */ = {isa = PBXFileReference; lastKnownFileType = wrapper.framework; name = Metal.framework; path = System/Library/Frameworks/Metal.framework; sourceTree = SDKROOT; };
		A542F5D45EF987E67FA0A1B6 /* include_juce_audio_plugin_client_AU_1.mm */ /* include_juce_audio_plugin_client_AU_1.mm */ = {isa = PBXFileReference; lastKnownFileType = sourcecode.cpp.objcpp; name = include_juce_audio_plugin_client_AU_1.mm; path = ../../JuceLibraryCode/include_juce_audio_plugin_client_AU_1.mm; sourceTree = SOURCE_ROOT; };
		A5D1DDE0B4CFA915695FD9DE /* QuartzCore.framework */ /* QuartzCore.framework */ = {isa = PBXFileReference; lastKnownFileType = wrapper.framework; name = QuartzCore.framework; path = System/Library/Frameworks/QuartzCore.framework; sourceTree = SDKROOT; };
		A66A2A137799004D6C411493 /* include_juce_audio_basics.mm */ /* include_juce_audio_basics.mm */ = {isa = PBXFileReference; lastKnownFileType = sourcecode.cpp.objcpp; name = include_juce_audio_basics.mm; path = ../../JuceLibraryCode/include_juce_audio_basics.mm; sourceTree = SOURCE_ROOT; };
		B106EF5D7F6632653538456D /* JucePluginDefines.h */ /* JucePluginDefines.h */ = {isa = PBXFileReference; lastKnownFileType = sourcecode.c.h; name = JucePluginDefines.h; path = ../../JuceLibraryCode/JucePluginDefines.h; sourceTree = SOURCE_ROOT; };
		B35932B7355125806E025910 /* Info-VST3.plist */ /* Info-VST3.plist */ = {isa = PBXFileReference; lastKnownFileType = text.plist.xml; name = "Info-VST3.plist"; path = "Info-VST3.plist"; sourceTree = SOURCE_ROOT; };
		C1DA4E100C01138593818EAC /* PluginEditor.h */ /* PluginEditor.h */ = {isa = PBXFileReference; lastKnownFileType = sourcecode.c.h; name = PluginEditor.h; path = ../../Source/PluginEditor.h; sourceTree = SOURCE_ROOT; };
		C5C5132EBF7B4C46A4B13EC3 /* Shared Code */ = {isa = PBXFileReference; explicitFileType = archive.ar; includeInIndex = 0; path = "libviator-dual-saturator.a"; sourceTree = BUILT_PRODUCTS_DIR; };
		C8619C08080B21735F0F2EAD /* juce_audio_utils */ /* juce_audio_utils */ = {isa = PBXFileReference; lastKnownFileType = folder; name = juce_audio_utils; path = ../../../../JUCE/modules/juce_audio_utils; sourceTree = SOURCE_ROOT; };
		CCA0B7A8C8FDCD026EE122EA /* RecentFilesMenuTemplate.nib */ /* RecentFilesMenuTemplate.nib */ = {isa = PBXFileReference; lastKnownFileType = file.nib; name = RecentFilesMenuTemplate.nib; path = RecentFilesMenuTemplate.nib; sourceTree = SOURCE_ROOT; };
		CFC96CD939DD7DAAA5E42E15 /* Accelerate.framework */ /* Accelerate.framework */ = {isa = PBXFileReference; lastKnownFileType = wrapper.framework; name = Accelerate.framework; path = System/Library/Frameworks/Accelerate.framework; sourceTree = SDKROOT; };
		CFF0ABD8E93FEF4E96E3B38B /* include_juce_audio_formats.mm */ /* include_juce_audio_formats.mm */ = {isa = PBXFileReference; lastKnownFileType = sourcecode.cpp.objcpp; name = include_juce_audio_formats.mm; path = ../../JuceLibraryCode/include_juce_audio_formats.mm; sourceTree = SOURCE_ROOT; };
		D4709A0A6F099661E79C2902 /* Info-AU.plist */ /* Info-AU.plist */ = {isa = PBXFileReference; lastKnownFileType = text.plist.xml; name = "Info-AU.plist"; path = "Info-AU.plist"; sourceTree = SOURCE_ROOT; };
		D8415E540528130BFB297A92 /* include_juce_graphics.mm */ /* include_juce_graphics.mm */ = {isa = PBXFileReference; lastKnownFileType = sourcecode.cpp.objcpp; name = include_juce_graphics.mm; path = ../../JuceLibraryCode/include_juce_graphics.mm; sourceTree = SOURCE_ROOT; };
		D92EEF1D0BCF6D6BC7A6B4F2 /* Info-VST3_Manifest_Helper.plist */ /* Info-VST3_Manifest_Helper.plist */ = {isa = PBXFileReference; lastKnownFileType = text.plist.xml; name = "Info-VST3_Manifest_Helper.plist"; path = "Info-VST3_Manifest_Helper.plist"; sourceTree = SOURCE_ROOT; };
		DB9EBFAC6C51D431254380CD /* MetalKit.framework */ /* MetalKit.framework */ = {isa = PBXFileReference; lastKnownFileType = wrapper.framework; name = MetalKit.framework; path = System/Library/Frameworks/MetalKit.framework; sourceTree = SDKROOT; };
		E037EA943079933430104B0D /* juce_graphics */ /* juce_graphics */ = {isa = PBXFileReference; lastKnownFileType = folder; name = juce_graphics; path = ../../../../JUCE/modules/juce_graphics; sourceTree = SOURCE_ROOT; };
		E716CD349D4E9D1B05C647E1 /* include_juce_data_structures.mm */ /* include_juce_data_structures.mm */ = {isa = PBXFileReference; lastKnownFileType = sourcecode.cpp.objcpp; name = include_juce_data_structures.mm; path = ../../JuceLibraryCode/include_juce_data_structures.mm; sourceTree = SOURCE_ROOT; };
		E85967911108B8B1E8B659BF /* Security.framework */ /* Security.framework */ = {isa = PBXFileReference; lastKnownFileType = wrapper.framework; name = Security.framework; path = System/Library/Frameworks/Security.framework; sourceTree = SDKROOT; };
		ED5C23D550C4E08929E9225C /* include_juce_audio_processors_lv2_libs.cpp */ /* include_juce_audio_processors_lv2_libs.cpp */ = {isa = PBXFileReference; lastKnownFileType = sourcecode.cpp.cpp; name = include_juce_audio_processors_lv2_libs.cpp; path = ../../JuceLibraryCode/include_juce_audio_processors_lv2_libs.cpp; sourceTree = SOURCE_ROOT; };
		EF405F35CF4267163ACBE167 /* CoreMIDI.framework */ /* CoreMIDI.framework */ = {isa = PBXFileReference; lastKnownFileType = wrapper.framework; name = CoreMIDI.framework; path = System/Library/Frameworks/CoreMIDI.framework; sourceTree = SDKROOT; };
		F04A62A4EA6372E56455169F /* Parameters.h */ /* Parameters.h */ = {isa = PBXFileReference; lastKnownFileType = sourcecode.c.h; name = Parameters.h; path = ../../Source/globals/Parameters.h; sourceTree = SOURCE_ROOT; };
		F1977A06C5F917EA5C4B59C1 /* juce_dsp */ /* juce_dsp */ = {isa = PBXFileReference; lastKnownFileType = folder; name = juce_dsp; path = ../../../../JUCE/modules/juce_dsp; sourceTree = SOURCE_ROOT; };
		F454883C3A0396E426756945 /* VST3 Manifest Helper */ = {isa = PBXFileReference; explicitFileType = "compiled.mach-o.executable"; includeInIndex = 0; path = juce_vst3_helper; sourceTree = BUILT_PRODUCTS_DIR; };
		FB0C229549E34D66B155DA34 /* include_juce_core.mm */ /* include_juce_core.mm */ = {isa = PBXFileReference; lastKnownFileType = sourcecode.cpp.objcpp; name = include_juce_core.mm; path = ../../JuceLibraryCode/include_juce_core.mm; sourceTree = SOURCE_ROOT; };
		FB667F08B8210FD9834C4A0B /* Info-Standalone_Plugin.plist */ /* Info-Standalone_Plugin.plist */ = {isa = PBXFileReference; lastKnownFileType = text.plist.xml; name = "Info-Standalone_Plugin.plist"; path = "Info-Standalone_Plugin.plist"; sourceTree = SOURCE_ROOT; };
		FBBF767D8E0A430C100A80D1 /* Cocoa.framework */ /* Cocoa.framework */ = {isa = PBXFileReference; lastKnownFileType = wrapper.framework; name = Cocoa.framework; path = System/Library/Frameworks/Cocoa.framework; sourceTree = SDKROOT; };
		FCC872DC9765F903EADE8C13 /* WebKit.framework */ /* WebKit.framework */ = {isa = PBXFileReference; lastKnownFileType = wrapper.framework; name = WebKit.framework; path = System/Library/Frameworks/WebKit.framework; sourceTree = SDKROOT; };
/* End PBXFileReference section */

/* Begin PBXFrameworksBuildPhase section */
		396AE8E91966C188F2572382 = {
			isa = PBXFrameworksBuildPhase;
			buildActionMask = 2147483647;
			files = (
				E4CA4BFBCB394A722E54ED72,
				6386710FC339EB52CBD857B8,
				8C4C46245DF77E8D65EF4B92,
				C2B7F968D91FAE8658D8372C,
				C4BF62B37CDA7A4E7B946803,
				A2C89DD0857CC35D95FC3AE3,
				B107AEDBE9978DABAB6929E6,
				0D1EF3DCA05EC053181FDC6F,
				B55146A66DA8AEBAEA03F1F7,
				187E30024295821C5B239C06,
				6928210CE47EA966A0CE7E25,
				79B37E64B1A0BE93EA2FAEF6,
				C0ECBD13DE7D374A98252118,
				9DC7130ED546113CCCCDD6D4,
			);
			runOnlyForDeploymentPostprocessing = 0;
		};
		4D72B183C2EE48830327E38E = {
			isa = PBXFrameworksBuildPhase;
			buildActionMask = 2147483647;
			files = (
				E4CA4BFBCB394A722E54ED72,
				6386710FC339EB52CBD857B8,
				8C4C46245DF77E8D65EF4B92,
				C2B7F968D91FAE8658D8372C,
				C4BF62B37CDA7A4E7B946803,
				A2C89DD0857CC35D95FC3AE3,
				B107AEDBE9978DABAB6929E6,
				0D1EF3DCA05EC053181FDC6F,
				B55146A66DA8AEBAEA03F1F7,
				187E30024295821C5B239C06,
				6928210CE47EA966A0CE7E25,
				79B37E64B1A0BE93EA2FAEF6,
				C0ECBD13DE7D374A98252118,
				9DC7130ED546113CCCCDD6D4,
			);
			runOnlyForDeploymentPostprocessing = 0;
		};
		511BD966D20450BCADE51B8C = {
			isa = PBXFrameworksBuildPhase;
			buildActionMask = 2147483647;
			files = (
				E4CA4BFBCB394A722E54ED72,
				6386710FC339EB52CBD857B8,
				8C4C46245DF77E8D65EF4B92,
				C2B7F968D91FAE8658D8372C,
				C4BF62B37CDA7A4E7B946803,
				A2C89DD0857CC35D95FC3AE3,
				B107AEDBE9978DABAB6929E6,
				0D1EF3DCA05EC053181FDC6F,
				B55146A66DA8AEBAEA03F1F7,
				187E30024295821C5B239C06,
				6928210CE47EA966A0CE7E25,
				79B37E64B1A0BE93EA2FAEF6,
				C0ECBD13DE7D374A98252118,
				9DC7130ED546113CCCCDD6D4,
			);
			runOnlyForDeploymentPostprocessing = 0;
		};
		6016165A5D6FD3004443507F = {
			isa = PBXFrameworksBuildPhase;
			buildActionMask = 2147483647;
			files = (
				B09E4773F032504B68FDBD0D,
				E4CA4BFBCB394A722E54ED72,
				6386710FC339EB52CBD857B8,
				8C4C46245DF77E8D65EF4B92,
				C2B7F968D91FAE8658D8372C,
				C4BF62B37CDA7A4E7B946803,
				A2C89DD0857CC35D95FC3AE3,
				B107AEDBE9978DABAB6929E6,
				0D1EF3DCA05EC053181FDC6F,
				B55146A66DA8AEBAEA03F1F7,
				187E30024295821C5B239C06,
				6928210CE47EA966A0CE7E25,
				79B37E64B1A0BE93EA2FAEF6,
				C0ECBD13DE7D374A98252118,
				9DC7130ED546113CCCCDD6D4,
			);
			runOnlyForDeploymentPostprocessing = 0;
		};
/* End PBXFrameworksBuildPhase section */

/* Begin PBXGroup section */
		02D42E29255323F337B60433 /* Source */ = {
			isa = PBXGroup;
			children = (
				10EFE57E7CAF25C009F67AB1,
				8EC1AB9B7B907CB67EA3C7EC,
				608DEC1BD19BCA473A0A5A0B,
				D3103198F8A0EEDCE9C5A912,
				3B9493222827A489B1D72C1D,
				5E700175FCC1F40798C8ECE9,
			);
			name = Source;
			sourceTree = "<group>";
		};
		10EFE57E7CAF25C009F67AB1 /* viator-dual-saturator */ = {
			isa = PBXGroup;
			children = (
				E8A8A88BF50D81D5F6D7048B,
			);
			name = "viator-dual-saturator";
			sourceTree = "<group>";
		};
		3B9493222827A489B1D72C1D /* Frameworks */ = {
			isa = PBXGroup;
			children = (
				55439D695762BAC4F6B83386,
				CFC96CD939DD7DAAA5E42E15,
				0BA2A1F8FA1E8FFE4E9DDB4C,
				FBBF767D8E0A430C100A80D1,
				361882887241F07955D60633,
				9584E9C0195FC6E94A5CCB3D,
				EF405F35CF4267163ACBE167,
				7F7C107CC76F9A2789F381DE,
				74DD3A7BEFB11700FE63BB12,
				0BFC43FD6588431570695574,
				A5D1DDE0B4CFA915695FD9DE,
				E85967911108B8B1E8B659BF,
				FCC872DC9765F903EADE8C13,
				A418AEB0E4439355B9765C7A,
				DB9EBFAC6C51D431254380CD,
			);
			name = Frameworks;
			sourceTree = "<group>";
		};
		5E700175FCC1F40798C8ECE9 /* Products */ = {
			isa = PBXGroup;
			children = (
				6DDA31E43781F599C42332CC,
				725DDBF426D9B20FD7040A2A,
				3AE800C1CDC7364C054FA7D2,
				C5C5132EBF7B4C46A4B13EC3,
				F454883C3A0396E426756945,
			);
			name = Products;
			sourceTree = "<group>";
		};
		608DEC1BD19BCA473A0A5A0B /* JUCE Library Code */ = {
			isa = PBXGroup;
			children = (
				A66A2A137799004D6C411493,
				184556984175537C022AC1B6,
				CFF0ABD8E93FEF4E96E3B38B,
				032BCC3CE0890CE873EEBFA1,
				A542F5D45EF987E67FA0A1B6,
				4D4191CEEE8C8EB353209846,
				412DAB52E66DD051B04DAAC5,
				26A7A7DEDAAB79B77DE2F9AF,
				97A5D17A4F182CD668F563DA,
				3F9F221EE0ADD3CC7F9D5945,
				ED5C23D550C4E08929E9225C,
				344CBFDF09CF8572B99492A8,
				FB0C229549E34D66B155DA34,
				E716CD349D4E9D1B05C647E1,
				617BDF59D27FB99DA539C274,
				98590D2349B0CB96DAAF4F23,
				D8415E540528130BFB297A92,
				2A0B95361064E431B608D33F,
				61FA3E7E2E2E56B873A88F25,
				01A7CF535F6264AFC4164DB0,
				B106EF5D7F6632653538456D,
			);
			name = "JUCE Library Code";
			sourceTree = "<group>";
		};
		8EC1AB9B7B907CB67EA3C7EC /* JUCE Modules */ = {
			isa = PBXGroup;
			children = (
				A3C21908732713026E6B0455,
				8681EC066016EE01F1851382,
				0E8E07D7FE7C6DE2497098E3,
				5FF3BCE07FD67A84B8ABAFB0,
				544B077478299D319C6384E6,
				C8619C08080B21735F0F2EAD,
				7DE259E631C1460AEF6A6672,
				24FB81D7D39EC40E0567D73B,
				F1977A06C5F917EA5C4B59C1,
				6344D77AF155D03AC35396E8,
				E037EA943079933430104B0D,
				32BAFE6517DD7C734D984022,
				1D7023008E46A60FCAF76D67,
			);
			name = "JUCE Modules";
			sourceTree = "<group>";
		};
		A2ECA26DB88E8BDE5786D4B5 /* globals */ = {
			isa = PBXGroup;
			children = (
				970112EBC6D0FACF65F2BF04,
				6FBF62A39C5A4DB9EB816D07,
				647482F0B99DE485BEC150F1,
				F04A62A4EA6372E56455169F,
			);
			name = globals;
			sourceTree = "<group>";
		};
		D3103198F8A0EEDCE9C5A912 /* Resources */ = {
			isa = PBXGroup;
			children = (
				B35932B7355125806E025910,
				D4709A0A6F099661E79C2902,
				FB667F08B8210FD9834C4A0B,
				D92EEF1D0BCF6D6BC7A6B4F2,
				CCA0B7A8C8FDCD026EE122EA,
			);
			name = Resources;
			sourceTree = "<group>";
		};
		E8A8A88BF50D81D5F6D7048B /* Source */ = {
			isa = PBXGroup;
			children = (
				A2ECA26DB88E8BDE5786D4B5,
				495EC6B17B32400B08AE69BB,
				58321DFF9861D25E27939DE6,
				18EB41CF4BEB2A214DE44AFC,
				C1DA4E100C01138593818EAC,
			);
			name = Source;
			sourceTree = "<group>";
		};
/* End PBXGroup section */

/* Begin PBXNativeTarget section */
		3BF15029EEAC04B901114896 /* viator-dual-saturator - VST3 Manifest Helper */ = {
			isa = PBXNativeTarget;
			buildConfigurationList = A76895AE1E0FEE8BB68C4E2B;
			buildPhases = (
				50149829DDAF5C3518935C3C,
				396AE8E91966C188F2572382,
			);
			buildRules = (
			);
			dependencies = (
			);
			name = "viator-dual-saturator - VST3 Manifest Helper";
			productName = "viator-dual-saturator";
			productReference = F454883C3A0396E426756945;
			productType = "com.apple.product-type.tool";
		};
		60ADA7870223F727DDF2F060 /* viator-dual-saturator - Standalone Plugin */ = {
			isa = PBXNativeTarget;
			buildConfigurationList = ECA65805B225FACA0174D880;
			buildPhases = (
				937066D37A51747C69D80F46,
				7CCBBDA18738EFAEE545D888,
				4D72B183C2EE48830327E38E,
			);
			buildRules = (
			);
			dependencies = (
				87C9658618237BC229DC8EDB,
			);
			name = "viator-dual-saturator - Standalone Plugin";
			productName = "viator-dual-saturator";
			productReference = 3AE800C1CDC7364C054FA7D2;
			productType = "com.apple.product-type.application";
		};
		60C2862C69F9D2AEB90C9B57 /* viator-dual-saturator - Shared Code */ = {
			isa = PBXNativeTarget;
			buildConfigurationList = 7E55F9680E51699988ED7F50;
			buildPhases = (
				19823CCEC1701E6B12D56B28,
			);
			buildRules = (
			);
			dependencies = (
			);
			name = "viator-dual-saturator - Shared Code";
			productName = "viator-dual-saturator";
			productReference = C5C5132EBF7B4C46A4B13EC3;
			productType = "com.apple.product-type.library.static";
		};
		66DBB9F1EEAE260CA38AD45F /* viator-dual-saturator - AU */ = {
			isa = PBXNativeTarget;
			buildConfigurationList = D62C106D45643BAC8F372149;
			buildPhases = (
				C7B920524EB7C147F2E0D23C,
				EABC0A24A61B674C40CF7F08,
				6016165A5D6FD3004443507F,
				FE2FB502FED762EFC9101E85,
			);
			buildRules = (
			);
			dependencies = (
				BB096B86633C8DFBA59333D2,
			);
			name = "viator-dual-saturator - AU";
			productName = "viator-dual-saturator";
			productReference = 725DDBF426D9B20FD7040A2A;
			productType = "com.apple.product-type.bundle";
		};
		DBE978A8777B1E96BF8BD741 /* viator-dual-saturator - VST3 */ = {
			isa = PBXNativeTarget;
			buildConfigurationList = D21DB75342FF04BB655357ED;
			buildPhases = (
				62C5FAC358E85620F5A5ACC2,
				4101E568AD46E7CC2BAABE03,
				511BD966D20450BCADE51B8C,
				349D6EC4F8FA7CC89ECDD767,
				6AD3610551D013C5065A4C19,
			);
			buildRules = (
			);
			dependencies = (
				2F8B8A334B739AD2CA193413,
				7D62354DA37354669E1A84B7,
			);
			name = "viator-dual-saturator - VST3";
			productName = "viator-dual-saturator";
			productReference = 6DDA31E43781F599C42332CC;
			productType = "com.apple.product-type.bundle";
		};
/* End PBXNativeTarget section */

/* Begin PBXProject section */
		FA1ECF853DE8EC5482641255 = {
			isa = PBXProject;
			attributes = {
				BuildIndependentTargetsInParallel = YES;
				LastUpgradeCheck = 1340;
				ORGANIZATIONNAME = "Viator DSP";
				TargetAttributes = {
					3BF15029EEAC04B901114896 = {
						SystemCapabilities = {
							com.apple.ApplicationGroups.iOS = {
								enabled = 0;
							};
							com.apple.HardenedRuntime = {
								enabled = 0;
							};
							com.apple.InAppPurchase = {
								enabled = 0;
							};
							com.apple.InterAppAudio = {
								enabled = 0;
							};
							com.apple.Push = {
								enabled = 0;
							};
							com.apple.Sandbox = {
								enabled = 0;
							};
						};
					};
					60ADA7870223F727DDF2F060 = {
						SystemCapabilities = {
							com.apple.ApplicationGroups.iOS = {
								enabled = 0;
							};
							com.apple.HardenedRuntime = {
								enabled = 0;
							};
							com.apple.InAppPurchase = {
								enabled = 0;
							};
							com.apple.InterAppAudio = {
								enabled = 0;
							};
							com.apple.Push = {
								enabled = 0;
							};
							com.apple.Sandbox = {
								enabled = 0;
							};
						};
					};
					60C2862C69F9D2AEB90C9B57 = {
						SystemCapabilities = {
							com.apple.ApplicationGroups.iOS = {
								enabled = 0;
							};
							com.apple.HardenedRuntime = {
								enabled = 0;
							};
							com.apple.InAppPurchase = {
								enabled = 0;
							};
							com.apple.InterAppAudio = {
								enabled = 0;
							};
							com.apple.Push = {
								enabled = 0;
							};
							com.apple.Sandbox = {
								enabled = 0;
							};
						};
					};
					66DBB9F1EEAE260CA38AD45F = {
						SystemCapabilities = {
							com.apple.ApplicationGroups.iOS = {
								enabled = 0;
							};
							com.apple.HardenedRuntime = {
								enabled = 0;
							};
							com.apple.InAppPurchase = {
								enabled = 0;
							};
							com.apple.InterAppAudio = {
								enabled = 0;
							};
							com.apple.Push = {
								enabled = 0;
							};
							com.apple.Sandbox = {
								enabled = 0;
							};
						};
					};
					6D6E70F1E72A6AD2B38E5D42 = {
						SystemCapabilities = {
							com.apple.ApplicationGroups.iOS = {
								enabled = 0;
							};
							com.apple.HardenedRuntime = {
								enabled = 0;
							};
							com.apple.InAppPurchase = {
								enabled = 0;
							};
							com.apple.InterAppAudio = {
								enabled = 0;
							};
							com.apple.Push = {
								enabled = 0;
							};
							com.apple.Sandbox = {
								enabled = 0;
							};
						};
					};
					DBE978A8777B1E96BF8BD741 = {
						SystemCapabilities = {
							com.apple.ApplicationGroups.iOS = {
								enabled = 0;
							};
							com.apple.HardenedRuntime = {
								enabled = 0;
							};
							com.apple.InAppPurchase = {
								enabled = 0;
							};
							com.apple.InterAppAudio = {
								enabled = 0;
							};
							com.apple.Push = {
								enabled = 0;
							};
							com.apple.Sandbox = {
								enabled = 0;
							};
						};
					};
				};
			};
			buildConfigurationList = B920C02D222C5C809F45A4FA;
			compatibilityVersion = "Xcode 3.2";
			hasScannedForEncodings = 0;
			knownRegions = (
				en,
				Base,
			);
			mainGroup = 02D42E29255323F337B60433;
			projectDirPath = "";
			projectRoot = "";
			targets = (
				6D6E70F1E72A6AD2B38E5D42,
				DBE978A8777B1E96BF8BD741,
				66DBB9F1EEAE260CA38AD45F,
				60ADA7870223F727DDF2F060,
				60C2862C69F9D2AEB90C9B57,
				3BF15029EEAC04B901114896,
			);
		};
/* End PBXProject section */

/* Begin PBXResourcesBuildPhase section */
		62C5FAC358E85620F5A5ACC2 = {
			isa = PBXResourcesBuildPhase;
			buildActionMask = 2147483647;
			files = (
				66BFE2E1FD1EB475835D017B,
			);
			runOnlyForDeploymentPostprocessing = 0;
		};
		937066D37A51747C69D80F46 = {
			isa = PBXResourcesBuildPhase;
			buildActionMask = 2147483647;
			files = (
				66BFE2E1FD1EB475835D017B,
			);
			runOnlyForDeploymentPostprocessing = 0;
		};
		C7B920524EB7C147F2E0D23C = {
			isa = PBXResourcesBuildPhase;
			buildActionMask = 2147483647;
			files = (
				66BFE2E1FD1EB475835D017B,
			);
			runOnlyForDeploymentPostprocessing = 0;
		};
/* End PBXResourcesBuildPhase section */

/* Begin PBXShellScriptBuildPhase section */
		349D6EC4F8FA7CC89ECDD767 /* Update manifest */ = {
			isa = PBXShellScriptBuildPhase;
			buildActionMask = 2147483647;
			files = (
			);
			runOnlyForDeploymentPostprocessing = 0;
			name = "Update manifest";
			alwaysOutOfDate = 1;
			shellPath = /bin/sh;
			shellScript = "set -e\nrm -f \"$CONFIGURATION_BUILD_DIR/$FULL_PRODUCT_NAME/Contents/moduleinfo.json\"\n\nxcrun codesign --verify \"$CONFIGURATION_BUILD_DIR/$FULL_PRODUCT_NAME\" || xcrun codesign -f -s - \"$CONFIGURATION_BUILD_DIR/$FULL_PRODUCT_NAME\"\n\"$CONFIGURATION_BUILD_DIR/juce_vst3_helper\" -create -version \"0.0.1\" -path \"$CONFIGURATION_BUILD_DIR/$FULL_PRODUCT_NAME\" -output \"$CONFIGURATION_BUILD_DIR/$FULL_PRODUCT_NAME/Contents/Resources/moduleinfo.json\"\n";
		};
		6AD3610551D013C5065A4C19 /* Plugin Copy Step */ = {
			isa = PBXShellScriptBuildPhase;
			buildActionMask = 2147483647;
			files = (
			);
			runOnlyForDeploymentPostprocessing = 0;
			name = "Plugin Copy Step";
			alwaysOutOfDate = 1;
			shellPath = /bin/sh;
			shellScript = "set -e\n\nif test \"$CONFIGURATION\" = \"Debug\"; then :\n\nxcrun codesign --verify \"${TARGET_BUILD_DIR}/${FULL_PRODUCT_NAME}\" || xcrun codesign -f -s - \"${TARGET_BUILD_DIR}/${FULL_PRODUCT_NAME}\"\n\nif [ -e \"$HOME/Library/Audio/Plug-Ins/VST3/${FULL_PRODUCT_NAME}\" ]; then :\n  echo \"Destination '$HOME/Library/Audio/Plug-Ins/VST3/${FULL_PRODUCT_NAME}' exists, overwriting\"\n  rm -rf \"$HOME/Library/Audio/Plug-Ins/VST3/${FULL_PRODUCT_NAME}\"\nfi\nmkdir -p \"$HOME/Library/Audio/Plug-Ins/VST3/\"\ncp -r \"${TARGET_BUILD_DIR}/${FULL_PRODUCT_NAME}\" \"$HOME/Library/Audio/Plug-Ins/VST3/\"\n\nfi\n\n\nif test \"$CONFIGURATION\" = \"Release\"; then :\n\nxcrun codesign --verify \"${TARGET_BUILD_DIR}/${FULL_PRODUCT_NAME}\" || xcrun codesign -f -s - \"${TARGET_BUILD_DIR}/${FULL_PRODUCT_NAME}\"\n\nif [ -e \"$HOME/Library/Audio/Plug-Ins/VST3/${FULL_PRODUCT_NAME}\" ]; then :\n  echo \"Destination '$HOME/Library/Audio/Plug-Ins/VST3/${FULL_PRODUCT_NAME}' exists, overwriting\"\n  rm -rf \"$HOME/Library/Audio/Plug-Ins/VST3/${FULL_PRODUCT_NAME}\"\nfi\nmkdir -p \"$HOME/Library/Audio/Plug-Ins/VST3/\"\ncp -r \"${TARGET_BUILD_DIR}/${FULL_PRODUCT_NAME}\" \"$HOME/Library/Audio/Plug-Ins/VST3/\"\n\nfi\n";
		};
		FE2FB502FED762EFC9101E85 /* Plugin Copy Step */ = {
			isa = PBXShellScriptBuildPhase;
			buildActionMask = 2147483647;
			files = (
			);
			runOnlyForDeploymentPostprocessing = 0;
			name = "Plugin Copy Step";
			alwaysOutOfDate = 1;
			shellPath = /bin/sh;
			shellScript = "set -e\n\nif test \"$CONFIGURATION\" = \"Debug\"; then :\n\nxcrun codesign --verify \"${TARGET_BUILD_DIR}/${FULL_PRODUCT_NAME}\" || xcrun codesign -f -s - \"${TARGET_BUILD_DIR}/${FULL_PRODUCT_NAME}\"\n\nif [ -e \"$HOME/Library/Audio/Plug-Ins/Components/${FULL_PRODUCT_NAME}\" ]; then :\n  echo \"Destination '$HOME/Library/Audio/Plug-Ins/Components/${FULL_PRODUCT_NAME}' exists, overwriting\"\n  rm -rf \"$HOME/Library/Audio/Plug-Ins/Components/${FULL_PRODUCT_NAME}\"\nfi\nmkdir -p \"$HOME/Library/Audio/Plug-Ins/Components/\"\ncp -r \"${TARGET_BUILD_DIR}/${FULL_PRODUCT_NAME}\" \"$HOME/Library/Audio/Plug-Ins/Components/\"\n\nfi\n\n\nif test \"$CONFIGURATION\" = \"Release\"; then :\n\nxcrun codesign --verify \"${TARGET_BUILD_DIR}/${FULL_PRODUCT_NAME}\" || xcrun codesign -f -s - \"${TARGET_BUILD_DIR}/${FULL_PRODUCT_NAME}\"\n\nif [ -e \"$HOME/Library/Audio/Plug-Ins/Components/${FULL_PRODUCT_NAME}\" ]; then :\n  echo \"Destination '$HOME/Library/Audio/Plug-Ins/Components/${FULL_PRODUCT_NAME}' exists, overwriting\"\n  rm -rf \"$HOME/Library/Audio/Plug-Ins/Components/${FULL_PRODUCT_NAME}\"\nfi\nmkdir -p \"$HOME/Library/Audio/Plug-Ins/Components/\"\ncp -r \"${TARGET_BUILD_DIR}/${FULL_PRODUCT_NAME}\" \"$HOME/Library/Audio/Plug-Ins/Components/\"\n\nfi\n";
		};
/* End PBXShellScriptBuildPhase section */

/* Begin PBXSourcesBuildPhase section */
		19823CCEC1701E6B12D56B28 = {
			isa = PBXSourcesBuildPhase;
			buildActionMask = 2147483647;
			files = (
				45A0B818D0A3412B7FAB26A3,
				1DDE6CDD0B25EBE2E3CC45EE,
				9DEC1B68453137B7A2EBED80,
				DD035870ECB35F4EE41DC386,
				AF7A14AD0677C3549707C58B,
				9E7AE4ACA745B72353B7D1C0,
				5BB81A4738C40B50065F9114,
				CA82170C16658DEF3627BFB3,
				BE661DF0848E3C376E334A55,
				2454DD32FA7D986EFDAB4034,
				6263237494E63D28B9B2AEF5,
				21F276C9D3FBD887552A9ABF,
				4448C71A4D6F7ECDEF4030C2,
				5093EE410DD38D7C4821068F,
				73533315C57FB3BC0AAE3A5B,
				B60E5CFBE150E2CA8D157033,
				7C58DC250BDFB57E335BAE57,
				FE8896138439AAECF6A31544,
				E4109839FC371F986F6561BD,
			);
			runOnlyForDeploymentPostprocessing = 0;
		};
		4101E568AD46E7CC2BAABE03 = {
			isa = PBXSourcesBuildPhase;
			buildActionMask = 2147483647;
			files = (
				F4F530AEF0E54A712A433A9D,
			);
			runOnlyForDeploymentPostprocessing = 0;
		};
		50149829DDAF5C3518935C3C = {
			isa = PBXSourcesBuildPhase;
			buildActionMask = 2147483647;
			files = (
				8E3A27316C4DE53D8126913B,
			);
			runOnlyForDeploymentPostprocessing = 0;
		};
		7CCBBDA18738EFAEE545D888 = {
			isa = PBXSourcesBuildPhase;
			buildActionMask = 2147483647;
			files = (
				533FF96224D729136550924E,
			);
			runOnlyForDeploymentPostprocessing = 0;
		};
		EABC0A24A61B674C40CF7F08 = {
			isa = PBXSourcesBuildPhase;
			buildActionMask = 2147483647;
			files = (
				9C7C2062156113761439172E,
				2C390FCF73BD58C236156FF3,
			);
			runOnlyForDeploymentPostprocessing = 0;
		};
/* End PBXSourcesBuildPhase section */

/* Begin PBXTargetDependency section */
		2F8B8A334B739AD2CA193413 = {
			isa = PBXTargetDependency;
			target = 60C2862C69F9D2AEB90C9B57;
		};
		5A560155CDC15F082EAFEE3C = {
			isa = PBXTargetDependency;
			target = 66DBB9F1EEAE260CA38AD45F;
		};
		74C7CF33D4C209AFE8BFD667 = {
			isa = PBXTargetDependency;
			target = 60C2862C69F9D2AEB90C9B57;
		};
		7D62354DA37354669E1A84B7 = {
			isa = PBXTargetDependency;
			target = 3BF15029EEAC04B901114896;
		};
		87C9658618237BC229DC8EDB = {
			isa = PBXTargetDependency;
			target = 60C2862C69F9D2AEB90C9B57;
		};
		9A816EFD19C67E049C2C2314 = {
			isa = PBXTargetDependency;
			target = 3BF15029EEAC04B901114896;
		};
		AD26B712C14FED1A28CD0BCF = {
			isa = PBXTargetDependency;
			target = 60ADA7870223F727DDF2F060;
		};
		BB096B86633C8DFBA59333D2 = {
			isa = PBXTargetDependency;
			target = 60C2862C69F9D2AEB90C9B57;
		};
		C5685E6730FF50AC282E7995 = {
			isa = PBXTargetDependency;
			target = DBE978A8777B1E96BF8BD741;
		};
/* End PBXTargetDependency section */

/* Begin XCBuildConfiguration section */
		015B2463B866EC0A8BA5B61F /* Release */ = {
			isa = XCBuildConfiguration;
			buildSettings = {
				CLANG_CXX_LANGUAGE_STANDARD = "c++17";
				CLANG_CXX_LIBRARY = "libc++";
				CLANG_LINK_OBJC_RUNTIME = NO;
				COMBINE_HIDPI_IMAGES = YES;
				CONFIGURATION_BUILD_DIR = "$(PROJECT_DIR)/build/$(CONFIGURATION)";
				DEAD_CODE_STRIPPING = YES;
				EXCLUDED_ARCHS = "";
				GCC_GENERATE_DEBUGGING_SYMBOLS = NO;
				GCC_OPTIMIZATION_LEVEL = 3;
				GCC_PREPROCESSOR_DEFINITIONS = (
					"_NDEBUG=1",
					"NDEBUG=1",
					"JUCE_DISPLAY_SPLASH_SCREEN=0",
					"JUCE_USE_DARK_SPLASH_SCREEN=1",
					"JUCE_PROJUCER_VERSION=0x70008",
					"JUCE_MODULE_AVAILABLE_juce_audio_basics=1",
					"JUCE_MODULE_AVAILABLE_juce_audio_devices=1",
					"JUCE_MODULE_AVAILABLE_juce_audio_formats=1",
					"JUCE_MODULE_AVAILABLE_juce_audio_plugin_client=1",
					"JUCE_MODULE_AVAILABLE_juce_audio_processors=1",
					"JUCE_MODULE_AVAILABLE_juce_audio_utils=1",
					"JUCE_MODULE_AVAILABLE_juce_core=1",
					"JUCE_MODULE_AVAILABLE_juce_data_structures=1",
					"JUCE_MODULE_AVAILABLE_juce_dsp=1",
					"JUCE_MODULE_AVAILABLE_juce_events=1",
					"JUCE_MODULE_AVAILABLE_juce_graphics=1",
					"JUCE_MODULE_AVAILABLE_juce_gui_basics=1",
					"JUCE_MODULE_AVAILABLE_juce_gui_extra=1",
					"JUCE_GLOBAL_MODULE_SETTINGS_INCLUDED=1",
					"JUCE_VST3_CAN_REPLACE_VST2=0",
					"JUCE_STRICT_REFCOUNTEDPOINTER=1",
					"JucePlugin_Build_VST=0",
					"JucePlugin_Build_VST3=0",
					"JucePlugin_Build_AU=1",
					"JucePlugin_Build_AUv3=0",
					"JucePlugin_Build_AAX=0",
					"JucePlugin_Build_Standalone=0",
					"JucePlugin_Build_Unity=0",
					"JucePlugin_Build_LV2=0",
					"JucePlugin_Enable_IAA=0",
					"JucePlugin_Enable_ARA=0",
					"JucePlugin_Name=\\\"viator-dual-saturator\\\"",
					"JucePlugin_Desc=\\\"viator-dual-saturator\\\"",
					"JucePlugin_Manufacturer=\\\"Viator\\ DSP\\\"",
					"JucePlugin_ManufacturerWebsite=\\\"www.ViatorDSP.com\\\"",
					"JucePlugin_ManufacturerEmail=\\\"\\\"",
					"JucePlugin_ManufacturerCode=0x4d616e75",
					"JucePlugin_PluginCode=0x48677162",
					"JucePlugin_IsSynth=0",
					"JucePlugin_WantsMidiInput=0",
					"JucePlugin_ProducesMidiOutput=0",
					"JucePlugin_IsMidiEffect=0",
					"JucePlugin_EditorRequiresKeyboardFocus=0",
					"JucePlugin_Version=0.0.1",
					"JucePlugin_VersionCode=0x1",
					"JucePlugin_VersionString=\\\"0.0.1\\\"",
					"JucePlugin_VSTUniqueID=JucePlugin_PluginCode",
					"JucePlugin_VSTCategory=kPlugCategEffect",
					"JucePlugin_Vst3Category=\\\"Fx\\\"",
					"JucePlugin_AUMainType=\\'aufx\\'",
					"JucePlugin_AUSubType=JucePlugin_PluginCode",
					"JucePlugin_AUExportPrefix=viatordualsaturatorAU",
					"JucePlugin_AUExportPrefixQuoted=\\\"viatordualsaturatorAU\\\"",
					"JucePlugin_AUManufacturerCode=JucePlugin_ManufacturerCode",
					"JucePlugin_CFBundleIdentifier=com.ViatorDSP.viatordualsaturator",
					"JucePlugin_AAXIdentifier=com.ViatorDSP.viatordualsaturator",
					"JucePlugin_AAXManufacturerCode=JucePlugin_ManufacturerCode",
					"JucePlugin_AAXProductId=JucePlugin_PluginCode",
					"JucePlugin_AAXCategory=0",
					"JucePlugin_AAXDisableBypass=0",
					"JucePlugin_AAXDisableMultiMono=0",
					"JucePlugin_IAAType=0x61757278",
					"JucePlugin_IAASubType=JucePlugin_PluginCode",
					"JucePlugin_IAAName=\\\"Viator\\ DSP:\\ viator-dual-saturator\\\"",
					"JucePlugin_VSTNumMidiInputs=16",
					"JucePlugin_VSTNumMidiOutputs=16",
					"JucePlugin_ARAContentTypes=0",
					"JucePlugin_ARATransformationFlags=0",
					"JucePlugin_ARAFactoryID=\\\"com.ViatorDSP.viatordualsaturator.factory\\\"",
					"JucePlugin_ARADocumentArchiveID=\\\"com.ViatorDSP.viatordualsaturator.aradocumentarchive.0.0.1\\\"",
					"JucePlugin_ARACompatibleArchiveIDs=\\\"\\\"",
					"JUCE_STANDALONE_APPLICATION=JucePlugin_Build_Standalone",
					"JUCER_XCODE_MAC_F6D2F4CF=1",
					"JUCE_APP_VERSION=0.0.1",
					"JUCE_APP_VERSION_HEX=0x1",
				);
				GCC_VERSION = com.apple.compilers.llvm.clang.1_0;
				GENERATE_PKGINFO_FILE = YES;
				HEADER_SEARCH_PATHS = (
					"$(SRCROOT)/../../../../JUCE/modules/juce_audio_processors/format_types/VST3_SDK",
					"$(SRCROOT)/../../JuceLibraryCode",
					"$(SRCROOT)/../../../modules/JUCE/modules",
					"$(SRCROOT)/../../../../JUCE/modules",
					"$(SRCROOT)/../../../../JUCE/modules/juce_audio_plugin_client/AU",
					"$(inherited)",
				);
				INFOPLIST_FILE = Info-AU.plist;
				INFOPLIST_PREPROCESS = NO;
				INSTALL_PATH = "$(HOME)/Library/Audio/Plug-Ins/Components/";
				LIBRARY_STYLE = Bundle;
				LLVM_LTO = YES;
				MACOSX_DEPLOYMENT_TARGET = 10.13;
				MTL_HEADER_SEARCH_PATHS = "$(SRCROOT)/../../../../JUCE/modules/juce_audio_processors/format_types/VST3_SDK $(SRCROOT)/../../JuceLibraryCode $(SRCROOT)/../../../modules/JUCE/modules $(SRCROOT)/../../../../JUCE/modules $(SRCROOT)/../../../../JUCE/modules/juce_audio_plugin_client/AU";
				OTHER_LDFLAGS = "-bundle -lviator-dual-saturator";
				OTHER_REZFLAGS = "-d ppc_$ppc -d i386_$i386 -d ppc64_$ppc64 -d x86_64_$x86_64 -d arm64_$arm64 -I /System/Library/Frameworks/CoreServices.framework/Frameworks/CarbonCore.framework/Versions/A/Headers -I \"$(DEVELOPER_DIR)/Extras/CoreAudio/AudioUnits/AUPublic/AUBase\" -I \"$(DEVELOPER_DIR)/Platforms/MacOSX.platform/Developer/SDKs/MacOSX.sdk/System/Library/Frameworks/AudioUnit.framework/Headers\"";
				PRODUCT_BUNDLE_IDENTIFIER = com.ViatorDSP.viatordualsaturator;
				PRODUCT_NAME = "viator-dual-saturator";
				USE_HEADERMAP = NO;
				VALID_ARCHS = "i386 x86_64 arm64 arm64e";
				WRAPPER_EXTENSION = component;
			};
			name = Release;
		};
		0A185B27D921B1A3F4E55BA6 /* Debug */ = {
			isa = XCBuildConfiguration;
			buildSettings = {
				CLANG_CXX_LANGUAGE_STANDARD = "c++17";
				CLANG_CXX_LIBRARY = "libc++";
				CLANG_LINK_OBJC_RUNTIME = NO;
				COMBINE_HIDPI_IMAGES = YES;
				CONFIGURATION_BUILD_DIR = "$(PROJECT_DIR)/build/$(CONFIGURATION)";
				COPY_PHASE_STRIP = NO;
				EXCLUDED_ARCHS = "";
				GCC_DYNAMIC_NO_PIC = NO;
				GCC_OPTIMIZATION_LEVEL = 0;
				GCC_PREPROCESSOR_DEFINITIONS = (
					"_DEBUG=1",
					"DEBUG=1",
					"JUCE_DISPLAY_SPLASH_SCREEN=0",
					"JUCE_USE_DARK_SPLASH_SCREEN=1",
					"JUCE_PROJUCER_VERSION=0x70008",
					"JUCE_MODULE_AVAILABLE_juce_audio_basics=1",
					"JUCE_MODULE_AVAILABLE_juce_audio_devices=1",
					"JUCE_MODULE_AVAILABLE_juce_audio_formats=1",
					"JUCE_MODULE_AVAILABLE_juce_audio_plugin_client=1",
					"JUCE_MODULE_AVAILABLE_juce_audio_processors=1",
					"JUCE_MODULE_AVAILABLE_juce_audio_utils=1",
					"JUCE_MODULE_AVAILABLE_juce_core=1",
					"JUCE_MODULE_AVAILABLE_juce_data_structures=1",
					"JUCE_MODULE_AVAILABLE_juce_dsp=1",
					"JUCE_MODULE_AVAILABLE_juce_events=1",
					"JUCE_MODULE_AVAILABLE_juce_graphics=1",
					"JUCE_MODULE_AVAILABLE_juce_gui_basics=1",
					"JUCE_MODULE_AVAILABLE_juce_gui_extra=1",
					"JUCE_GLOBAL_MODULE_SETTINGS_INCLUDED=1",
					"JUCE_VST3_CAN_REPLACE_VST2=0",
					"JUCE_STRICT_REFCOUNTEDPOINTER=1",
					"JucePlugin_Build_VST=0",
					"JucePlugin_Build_VST3=0",
					"JucePlugin_Build_AU=0",
					"JucePlugin_Build_AUv3=0",
					"JucePlugin_Build_AAX=0",
					"JucePlugin_Build_Standalone=1",
					"JucePlugin_Build_Unity=0",
					"JucePlugin_Build_LV2=0",
					"JucePlugin_Enable_IAA=0",
					"JucePlugin_Enable_ARA=0",
					"JucePlugin_Name=\\\"viator-dual-saturator\\\"",
					"JucePlugin_Desc=\\\"viator-dual-saturator\\\"",
					"JucePlugin_Manufacturer=\\\"Viator\\ DSP\\\"",
					"JucePlugin_ManufacturerWebsite=\\\"www.ViatorDSP.com\\\"",
					"JucePlugin_ManufacturerEmail=\\\"\\\"",
					"JucePlugin_ManufacturerCode=0x4d616e75",
					"JucePlugin_PluginCode=0x48677162",
					"JucePlugin_IsSynth=0",
					"JucePlugin_WantsMidiInput=0",
					"JucePlugin_ProducesMidiOutput=0",
					"JucePlugin_IsMidiEffect=0",
					"JucePlugin_EditorRequiresKeyboardFocus=0",
					"JucePlugin_Version=0.0.1",
					"JucePlugin_VersionCode=0x1",
					"JucePlugin_VersionString=\\\"0.0.1\\\"",
					"JucePlugin_VSTUniqueID=JucePlugin_PluginCode",
					"JucePlugin_VSTCategory=kPlugCategEffect",
					"JucePlugin_Vst3Category=\\\"Fx\\\"",
					"JucePlugin_AUMainType=\\'aufx\\'",
					"JucePlugin_AUSubType=JucePlugin_PluginCode",
					"JucePlugin_AUExportPrefix=viatordualsaturatorAU",
					"JucePlugin_AUExportPrefixQuoted=\\\"viatordualsaturatorAU\\\"",
					"JucePlugin_AUManufacturerCode=JucePlugin_ManufacturerCode",
					"JucePlugin_CFBundleIdentifier=com.ViatorDSP.viatordualsaturator",
					"JucePlugin_AAXIdentifier=com.ViatorDSP.viatordualsaturator",
					"JucePlugin_AAXManufacturerCode=JucePlugin_ManufacturerCode",
					"JucePlugin_AAXProductId=JucePlugin_PluginCode",
					"JucePlugin_AAXCategory=0",
					"JucePlugin_AAXDisableBypass=0",
					"JucePlugin_AAXDisableMultiMono=0",
					"JucePlugin_IAAType=0x61757278",
					"JucePlugin_IAASubType=JucePlugin_PluginCode",
					"JucePlugin_IAAName=\\\"Viator\\ DSP:\\ viator-dual-saturator\\\"",
					"JucePlugin_VSTNumMidiInputs=16",
					"JucePlugin_VSTNumMidiOutputs=16",
					"JucePlugin_ARAContentTypes=0",
					"JucePlugin_ARATransformationFlags=0",
					"JucePlugin_ARAFactoryID=\\\"com.ViatorDSP.viatordualsaturator.factory\\\"",
					"JucePlugin_ARADocumentArchiveID=\\\"com.ViatorDSP.viatordualsaturator.aradocumentarchive.0.0.1\\\"",
					"JucePlugin_ARACompatibleArchiveIDs=\\\"\\\"",
					"JUCE_STANDALONE_APPLICATION=JucePlugin_Build_Standalone",
					"JUCER_XCODE_MAC_F6D2F4CF=1",
					"JUCE_APP_VERSION=0.0.1",
					"JUCE_APP_VERSION_HEX=0x1",
				);
				GCC_VERSION = com.apple.compilers.llvm.clang.1_0;
				HEADER_SEARCH_PATHS = (
					"$(SRCROOT)/../../../../JUCE/modules/juce_audio_processors/format_types/VST3_SDK",
					"$(SRCROOT)/../../JuceLibraryCode",
					"$(SRCROOT)/../../../modules/JUCE/modules",
					"$(SRCROOT)/../../../../JUCE/modules",
					"$(SRCROOT)/../../../../JUCE/modules/juce_audio_plugin_client/AU",
					"$(inherited)",
				);
				INFOPLIST_FILE = Info-Standalone_Plugin.plist;
				INFOPLIST_PREPROCESS = NO;
				MACOSX_DEPLOYMENT_TARGET = 10.13;
				MTL_HEADER_SEARCH_PATHS = "$(SRCROOT)/../../../../JUCE/modules/juce_audio_processors/format_types/VST3_SDK $(SRCROOT)/../../JuceLibraryCode $(SRCROOT)/../../../modules/JUCE/modules $(SRCROOT)/../../../../JUCE/modules $(SRCROOT)/../../../../JUCE/modules/juce_audio_plugin_client/AU";
				OTHER_LDFLAGS = "-lviator-dual-saturator";
				PRODUCT_BUNDLE_IDENTIFIER = com.ViatorDSP.viatordualsaturator;
				PRODUCT_NAME = "viator-dual-saturator";
				USE_HEADERMAP = NO;
				VALID_ARCHS = "i386 x86_64 arm64 arm64e";
			};
			name = Debug;
		};
		0F7B8876D185CAE88304C1BE /* Release */ = {
			isa = XCBuildConfiguration;
			buildSettings = {
				CLANG_CXX_LANGUAGE_STANDARD = "c++17";
				CLANG_CXX_LIBRARY = "libc++";
				CLANG_LINK_OBJC_RUNTIME = NO;
				COMBINE_HIDPI_IMAGES = YES;
				CONFIGURATION_BUILD_DIR = "$(PROJECT_DIR)/build/$(CONFIGURATION)";
				DEAD_CODE_STRIPPING = YES;
				EXCLUDED_ARCHS = "";
				GCC_GENERATE_DEBUGGING_SYMBOLS = NO;
				GCC_OPTIMIZATION_LEVEL = 3;
				GCC_PREPROCESSOR_DEFINITIONS = (
					"_NDEBUG=1",
					"NDEBUG=1",
					"JUCE_DISPLAY_SPLASH_SCREEN=0",
					"JUCE_USE_DARK_SPLASH_SCREEN=1",
					"JUCE_PROJUCER_VERSION=0x70008",
					"JUCE_MODULE_AVAILABLE_juce_audio_basics=1",
					"JUCE_MODULE_AVAILABLE_juce_audio_devices=1",
					"JUCE_MODULE_AVAILABLE_juce_audio_formats=1",
					"JUCE_MODULE_AVAILABLE_juce_audio_plugin_client=1",
					"JUCE_MODULE_AVAILABLE_juce_audio_processors=1",
					"JUCE_MODULE_AVAILABLE_juce_audio_utils=1",
					"JUCE_MODULE_AVAILABLE_juce_core=1",
					"JUCE_MODULE_AVAILABLE_juce_data_structures=1",
					"JUCE_MODULE_AVAILABLE_juce_dsp=1",
					"JUCE_MODULE_AVAILABLE_juce_events=1",
					"JUCE_MODULE_AVAILABLE_juce_graphics=1",
					"JUCE_MODULE_AVAILABLE_juce_gui_basics=1",
					"JUCE_MODULE_AVAILABLE_juce_gui_extra=1",
					"JUCE_GLOBAL_MODULE_SETTINGS_INCLUDED=1",
					"JUCE_VST3_CAN_REPLACE_VST2=0",
					"JUCE_STRICT_REFCOUNTEDPOINTER=1",
					"JucePlugin_Build_VST=0",
					"JucePlugin_Build_VST3=0",
					"JucePlugin_Build_AU=0",
					"JucePlugin_Build_AUv3=0",
					"JucePlugin_Build_AAX=0",
					"JucePlugin_Build_Standalone=1",
					"JucePlugin_Build_Unity=0",
					"JucePlugin_Build_LV2=0",
					"JucePlugin_Enable_IAA=0",
					"JucePlugin_Enable_ARA=0",
					"JucePlugin_Name=\\\"viator-dual-saturator\\\"",
					"JucePlugin_Desc=\\\"viator-dual-saturator\\\"",
					"JucePlugin_Manufacturer=\\\"Viator\\ DSP\\\"",
					"JucePlugin_ManufacturerWebsite=\\\"www.ViatorDSP.com\\\"",
					"JucePlugin_ManufacturerEmail=\\\"\\\"",
					"JucePlugin_ManufacturerCode=0x4d616e75",
					"JucePlugin_PluginCode=0x48677162",
					"JucePlugin_IsSynth=0",
					"JucePlugin_WantsMidiInput=0",
					"JucePlugin_ProducesMidiOutput=0",
					"JucePlugin_IsMidiEffect=0",
					"JucePlugin_EditorRequiresKeyboardFocus=0",
					"JucePlugin_Version=0.0.1",
					"JucePlugin_VersionCode=0x1",
					"JucePlugin_VersionString=\\\"0.0.1\\\"",
					"JucePlugin_VSTUniqueID=JucePlugin_PluginCode",
					"JucePlugin_VSTCategory=kPlugCategEffect",
					"JucePlugin_Vst3Category=\\\"Fx\\\"",
					"JucePlugin_AUMainType=\\'aufx\\'",
					"JucePlugin_AUSubType=JucePlugin_PluginCode",
					"JucePlugin_AUExportPrefix=viatordualsaturatorAU",
					"JucePlugin_AUExportPrefixQuoted=\\\"viatordualsaturatorAU\\\"",
					"JucePlugin_AUManufacturerCode=JucePlugin_ManufacturerCode",
					"JucePlugin_CFBundleIdentifier=com.ViatorDSP.viatordualsaturator",
					"JucePlugin_AAXIdentifier=com.ViatorDSP.viatordualsaturator",
					"JucePlugin_AAXManufacturerCode=JucePlugin_ManufacturerCode",
					"JucePlugin_AAXProductId=JucePlugin_PluginCode",
					"JucePlugin_AAXCategory=0",
					"JucePlugin_AAXDisableBypass=0",
					"JucePlugin_AAXDisableMultiMono=0",
					"JucePlugin_IAAType=0x61757278",
					"JucePlugin_IAASubType=JucePlugin_PluginCode",
					"JucePlugin_IAAName=\\\"Viator\\ DSP:\\ viator-dual-saturator\\\"",
					"JucePlugin_VSTNumMidiInputs=16",
					"JucePlugin_VSTNumMidiOutputs=16",
					"JucePlugin_ARAContentTypes=0",
					"JucePlugin_ARATransformationFlags=0",
					"JucePlugin_ARAFactoryID=\\\"com.ViatorDSP.viatordualsaturator.factory\\\"",
					"JucePlugin_ARADocumentArchiveID=\\\"com.ViatorDSP.viatordualsaturator.aradocumentarchive.0.0.1\\\"",
					"JucePlugin_ARACompatibleArchiveIDs=\\\"\\\"",
					"JUCE_STANDALONE_APPLICATION=JucePlugin_Build_Standalone",
					"JUCER_XCODE_MAC_F6D2F4CF=1",
					"JUCE_APP_VERSION=0.0.1",
					"JUCE_APP_VERSION_HEX=0x1",
				);
				GCC_VERSION = com.apple.compilers.llvm.clang.1_0;
				HEADER_SEARCH_PATHS = (
					"$(SRCROOT)/../../../../JUCE/modules/juce_audio_processors/format_types/VST3_SDK",
					"$(SRCROOT)/../../JuceLibraryCode",
					"$(SRCROOT)/../../../modules/JUCE/modules",
					"$(SRCROOT)/../../../../JUCE/modules",
					"$(SRCROOT)/../../../../JUCE/modules/juce_audio_plugin_client/AU",
					"$(inherited)",
				);
				INFOPLIST_FILE = Info-Standalone_Plugin.plist;
				INFOPLIST_PREPROCESS = NO;
				LLVM_LTO = YES;
				MACOSX_DEPLOYMENT_TARGET = 10.13;
				MTL_HEADER_SEARCH_PATHS = "$(SRCROOT)/../../../../JUCE/modules/juce_audio_processors/format_types/VST3_SDK $(SRCROOT)/../../JuceLibraryCode $(SRCROOT)/../../../modules/JUCE/modules $(SRCROOT)/../../../../JUCE/modules $(SRCROOT)/../../../../JUCE/modules/juce_audio_plugin_client/AU";
				OTHER_LDFLAGS = "-lviator-dual-saturator";
				PRODUCT_BUNDLE_IDENTIFIER = com.ViatorDSP.viatordualsaturator;
				PRODUCT_NAME = "viator-dual-saturator";
				USE_HEADERMAP = NO;
				VALID_ARCHS = "i386 x86_64 arm64 arm64e";
			};
			name = Release;
		};
		28A42920B4984A3FA8599B1D /* Release */ = {
			isa = XCBuildConfiguration;
			buildSettings = {
				CLANG_CXX_LANGUAGE_STANDARD = "c++17";
				CLANG_CXX_LIBRARY = "libc++";
				CLANG_LINK_OBJC_RUNTIME = NO;
				COMBINE_HIDPI_IMAGES = YES;
				CONFIGURATION_BUILD_DIR = "$(PROJECT_DIR)/build/$(CONFIGURATION)";
				DEAD_CODE_STRIPPING = YES;
				EXCLUDED_ARCHS = "";
				GCC_GENERATE_DEBUGGING_SYMBOLS = NO;
				GCC_OPTIMIZATION_LEVEL = 3;
				GCC_PREPROCESSOR_DEFINITIONS = (
					"_NDEBUG=1",
					"NDEBUG=1",
					"JUCE_DISPLAY_SPLASH_SCREEN=0",
					"JUCE_USE_DARK_SPLASH_SCREEN=1",
					"JUCE_PROJUCER_VERSION=0x70008",
					"JUCE_MODULE_AVAILABLE_juce_audio_basics=1",
					"JUCE_MODULE_AVAILABLE_juce_audio_devices=1",
					"JUCE_MODULE_AVAILABLE_juce_audio_formats=1",
					"JUCE_MODULE_AVAILABLE_juce_audio_plugin_client=1",
					"JUCE_MODULE_AVAILABLE_juce_audio_processors=1",
					"JUCE_MODULE_AVAILABLE_juce_audio_utils=1",
					"JUCE_MODULE_AVAILABLE_juce_core=1",
					"JUCE_MODULE_AVAILABLE_juce_data_structures=1",
					"JUCE_MODULE_AVAILABLE_juce_dsp=1",
					"JUCE_MODULE_AVAILABLE_juce_events=1",
					"JUCE_MODULE_AVAILABLE_juce_graphics=1",
					"JUCE_MODULE_AVAILABLE_juce_gui_basics=1",
					"JUCE_MODULE_AVAILABLE_juce_gui_extra=1",
					"JUCE_GLOBAL_MODULE_SETTINGS_INCLUDED=1",
					"JUCE_VST3_CAN_REPLACE_VST2=0",
					"JUCE_STRICT_REFCOUNTEDPOINTER=1",
					"JucePlugin_Build_VST=0",
					"JucePlugin_Build_VST3=1",
					"JucePlugin_Build_AU=1",
					"JucePlugin_Build_AUv3=0",
					"JucePlugin_Build_AAX=0",
					"JucePlugin_Build_Standalone=1",
					"JucePlugin_Build_Unity=0",
					"JucePlugin_Build_LV2=0",
					"JucePlugin_Enable_IAA=0",
					"JucePlugin_Enable_ARA=0",
					"JucePlugin_Name=\\\"viator-dual-saturator\\\"",
					"JucePlugin_Desc=\\\"viator-dual-saturator\\\"",
					"JucePlugin_Manufacturer=\\\"Viator\\ DSP\\\"",
					"JucePlugin_ManufacturerWebsite=\\\"www.ViatorDSP.com\\\"",
					"JucePlugin_ManufacturerEmail=\\\"\\\"",
					"JucePlugin_ManufacturerCode=0x4d616e75",
					"JucePlugin_PluginCode=0x48677162",
					"JucePlugin_IsSynth=0",
					"JucePlugin_WantsMidiInput=0",
					"JucePlugin_ProducesMidiOutput=0",
					"JucePlugin_IsMidiEffect=0",
					"JucePlugin_EditorRequiresKeyboardFocus=0",
					"JucePlugin_Version=0.0.1",
					"JucePlugin_VersionCode=0x1",
					"JucePlugin_VersionString=\\\"0.0.1\\\"",
					"JucePlugin_VSTUniqueID=JucePlugin_PluginCode",
					"JucePlugin_VSTCategory=kPlugCategEffect",
					"JucePlugin_Vst3Category=\\\"Fx\\\"",
					"JucePlugin_AUMainType=\\'aufx\\'",
					"JucePlugin_AUSubType=JucePlugin_PluginCode",
					"JucePlugin_AUExportPrefix=viatordualsaturatorAU",
					"JucePlugin_AUExportPrefixQuoted=\\\"viatordualsaturatorAU\\\"",
					"JucePlugin_AUManufacturerCode=JucePlugin_ManufacturerCode",
					"JucePlugin_CFBundleIdentifier=com.ViatorDSP.viatordualsaturator",
					"JucePlugin_AAXIdentifier=com.ViatorDSP.viatordualsaturator",
					"JucePlugin_AAXManufacturerCode=JucePlugin_ManufacturerCode",
					"JucePlugin_AAXProductId=JucePlugin_PluginCode",
					"JucePlugin_AAXCategory=0",
					"JucePlugin_AAXDisableBypass=0",
					"JucePlugin_AAXDisableMultiMono=0",
					"JucePlugin_IAAType=0x61757278",
					"JucePlugin_IAASubType=JucePlugin_PluginCode",
					"JucePlugin_IAAName=\\\"Viator\\ DSP:\\ viator-dual-saturator\\\"",
					"JucePlugin_VSTNumMidiInputs=16",
					"JucePlugin_VSTNumMidiOutputs=16",
					"JucePlugin_ARAContentTypes=0",
					"JucePlugin_ARATransformationFlags=0",
					"JucePlugin_ARAFactoryID=\\\"com.ViatorDSP.viatordualsaturator.factory\\\"",
					"JucePlugin_ARADocumentArchiveID=\\\"com.ViatorDSP.viatordualsaturator.aradocumentarchive.0.0.1\\\"",
					"JucePlugin_ARACompatibleArchiveIDs=\\\"\\\"",
					"JUCE_STANDALONE_APPLICATION=JucePlugin_Build_Standalone",
					"JUCER_XCODE_MAC_F6D2F4CF=1",
					"JUCE_APP_VERSION=0.0.1",
					"JUCE_APP_VERSION_HEX=0x1",
					"JUCE_SHARED_CODE=1",
				);
				GCC_VERSION = com.apple.compilers.llvm.clang.1_0;
				HEADER_SEARCH_PATHS = (
					"$(SRCROOT)/../../../../JUCE/modules/juce_audio_processors/format_types/VST3_SDK",
					"$(SRCROOT)/../../JuceLibraryCode",
					"$(SRCROOT)/../../../modules/JUCE/modules",
					"$(SRCROOT)/../../../../JUCE/modules",
					"$(SRCROOT)/../../../../JUCE/modules/juce_audio_plugin_client/AU",
					"$(inherited)",
				);
				INSTALL_PATH = "@executable_path/../Frameworks";
				LLVM_LTO = YES;
				MACOSX_DEPLOYMENT_TARGET = 10.13;
				MTL_HEADER_SEARCH_PATHS = "$(SRCROOT)/../../../../JUCE/modules/juce_audio_processors/format_types/VST3_SDK $(SRCROOT)/../../JuceLibraryCode $(SRCROOT)/../../../modules/JUCE/modules $(SRCROOT)/../../../../JUCE/modules $(SRCROOT)/../../../../JUCE/modules/juce_audio_plugin_client/AU";
				PRODUCT_BUNDLE_IDENTIFIER = com.ViatorDSP.viatordualsaturator;
				PRODUCT_NAME = "viator-dual-saturator";
				SKIP_INSTALL = YES;
				USE_HEADERMAP = NO;
				VALID_ARCHS = "i386 x86_64 arm64 arm64e";
			};
			name = Release;
		};
		332F98CB5614BE3E0DF5DA04 /* Debug */ = {
			isa = XCBuildConfiguration;
			buildSettings = {
				CLANG_CXX_LANGUAGE_STANDARD = "c++17";
				CLANG_CXX_LIBRARY = "libc++";
				CLANG_LINK_OBJC_RUNTIME = NO;
				COMBINE_HIDPI_IMAGES = YES;
				CONFIGURATION_BUILD_DIR = "$(PROJECT_DIR)/build/$(CONFIGURATION)";
				COPY_PHASE_STRIP = NO;
				EXCLUDED_ARCHS = "";
				GCC_DYNAMIC_NO_PIC = NO;
				GCC_OPTIMIZATION_LEVEL = 0;
				GCC_PREPROCESSOR_DEFINITIONS = (
					"_DEBUG=1",
					"DEBUG=1",
					"JUCE_DISPLAY_SPLASH_SCREEN=0",
					"JUCE_USE_DARK_SPLASH_SCREEN=1",
					"JUCE_PROJUCER_VERSION=0x70008",
					"JUCE_MODULE_AVAILABLE_juce_audio_basics=1",
					"JUCE_MODULE_AVAILABLE_juce_audio_devices=1",
					"JUCE_MODULE_AVAILABLE_juce_audio_formats=1",
					"JUCE_MODULE_AVAILABLE_juce_audio_plugin_client=1",
					"JUCE_MODULE_AVAILABLE_juce_audio_processors=1",
					"JUCE_MODULE_AVAILABLE_juce_audio_utils=1",
					"JUCE_MODULE_AVAILABLE_juce_core=1",
					"JUCE_MODULE_AVAILABLE_juce_data_structures=1",
					"JUCE_MODULE_AVAILABLE_juce_dsp=1",
					"JUCE_MODULE_AVAILABLE_juce_events=1",
					"JUCE_MODULE_AVAILABLE_juce_graphics=1",
					"JUCE_MODULE_AVAILABLE_juce_gui_basics=1",
					"JUCE_MODULE_AVAILABLE_juce_gui_extra=1",
					"JUCE_GLOBAL_MODULE_SETTINGS_INCLUDED=1",
					"JUCE_VST3_CAN_REPLACE_VST2=0",
					"JUCE_STRICT_REFCOUNTEDPOINTER=1",
					"JucePlugin_Build_VST=0",
					"JucePlugin_Build_VST3=0",
					"JucePlugin_Build_AU=0",
					"JucePlugin_Build_AUv3=0",
					"JucePlugin_Build_AAX=0",
					"JucePlugin_Build_Standalone=0",
					"JucePlugin_Build_Unity=0",
					"JucePlugin_Build_LV2=0",
					"JucePlugin_Enable_IAA=0",
					"JucePlugin_Enable_ARA=0",
					"JucePlugin_Name=\\\"viator-dual-saturator\\\"",
					"JucePlugin_Desc=\\\"viator-dual-saturator\\\"",
					"JucePlugin_Manufacturer=\\\"Viator\\ DSP\\\"",
					"JucePlugin_ManufacturerWebsite=\\\"www.ViatorDSP.com\\\"",
					"JucePlugin_ManufacturerEmail=\\\"\\\"",
					"JucePlugin_ManufacturerCode=0x4d616e75",
					"JucePlugin_PluginCode=0x48677162",
					"JucePlugin_IsSynth=0",
					"JucePlugin_WantsMidiInput=0",
					"JucePlugin_ProducesMidiOutput=0",
					"JucePlugin_IsMidiEffect=0",
					"JucePlugin_EditorRequiresKeyboardFocus=0",
					"JucePlugin_Version=0.0.1",
					"JucePlugin_VersionCode=0x1",
					"JucePlugin_VersionString=\\\"0.0.1\\\"",
					"JucePlugin_VSTUniqueID=JucePlugin_PluginCode",
					"JucePlugin_VSTCategory=kPlugCategEffect",
					"JucePlugin_Vst3Category=\\\"Fx\\\"",
					"JucePlugin_AUMainType=\\'aufx\\'",
					"JucePlugin_AUSubType=JucePlugin_PluginCode",
					"JucePlugin_AUExportPrefix=viatordualsaturatorAU",
					"JucePlugin_AUExportPrefixQuoted=\\\"viatordualsaturatorAU\\\"",
					"JucePlugin_AUManufacturerCode=JucePlugin_ManufacturerCode",
					"JucePlugin_CFBundleIdentifier=com.ViatorDSP.viatordualsaturator",
					"JucePlugin_AAXIdentifier=com.ViatorDSP.viatordualsaturator",
					"JucePlugin_AAXManufacturerCode=JucePlugin_ManufacturerCode",
					"JucePlugin_AAXProductId=JucePlugin_PluginCode",
					"JucePlugin_AAXCategory=0",
					"JucePlugin_AAXDisableBypass=0",
					"JucePlugin_AAXDisableMultiMono=0",
					"JucePlugin_IAAType=0x61757278",
					"JucePlugin_IAASubType=JucePlugin_PluginCode",
					"JucePlugin_IAAName=\\\"Viator\\ DSP:\\ viator-dual-saturator\\\"",
					"JucePlugin_VSTNumMidiInputs=16",
					"JucePlugin_VSTNumMidiOutputs=16",
					"JucePlugin_ARAContentTypes=0",
					"JucePlugin_ARATransformationFlags=0",
					"JucePlugin_ARAFactoryID=\\\"com.ViatorDSP.viatordualsaturator.factory\\\"",
					"JucePlugin_ARADocumentArchiveID=\\\"com.ViatorDSP.viatordualsaturator.aradocumentarchive.0.0.1\\\"",
					"JucePlugin_ARACompatibleArchiveIDs=\\\"\\\"",
					"JUCE_STANDALONE_APPLICATION=JucePlugin_Build_Standalone",
					"JUCER_XCODE_MAC_F6D2F4CF=1",
					"JUCE_APP_VERSION=0.0.1",
					"JUCE_APP_VERSION_HEX=0x1",
				);
				GCC_VERSION = com.apple.compilers.llvm.clang.1_0;
				HEADER_SEARCH_PATHS = (
					"$(SRCROOT)/../../../../JUCE/modules/juce_audio_processors/format_types/VST3_SDK",
					"$(SRCROOT)/../../JuceLibraryCode",
					"$(SRCROOT)/../../../modules/JUCE/modules",
					"$(SRCROOT)/../../../../JUCE/modules",
					"$(SRCROOT)/../../../../JUCE/modules/juce_audio_plugin_client/AU",
					"$(inherited)",
				);
				INFOPLIST_FILE = Info-VST3_Manifest_Helper.plist;
				INFOPLIST_PREPROCESS = NO;
				MACOSX_DEPLOYMENT_TARGET = 10.13;
				MTL_HEADER_SEARCH_PATHS = "$(SRCROOT)/../../../../JUCE/modules/juce_audio_processors/format_types/VST3_SDK $(SRCROOT)/../../JuceLibraryCode $(SRCROOT)/../../../modules/JUCE/modules $(SRCROOT)/../../../../JUCE/modules $(SRCROOT)/../../../../JUCE/modules/juce_audio_plugin_client/AU";
				PRODUCT_BUNDLE_IDENTIFIER = com.ViatorDSP.viatordualsaturator;
				PRODUCT_NAME = "juce_vst3_helper";
				USE_HEADERMAP = NO;
				VALID_ARCHS = "i386 x86_64 arm64 arm64e";
			};
			name = Debug;
		};
		3E6F580B4821DCE6DFC48228 /* Debug */ = {
			isa = XCBuildConfiguration;
			buildSettings = {
				MACOSX_DEPLOYMENT_TARGET = 10.13;
				SDKROOT = macosx;
			};
			name = Debug;
		};
		4C3227CA17D8BF8C5B996EED /* Debug */ = {
			isa = XCBuildConfiguration;
			buildSettings = {
				CLANG_CXX_LANGUAGE_STANDARD = "c++17";
				CLANG_CXX_LIBRARY = "libc++";
				CLANG_LINK_OBJC_RUNTIME = NO;
				COMBINE_HIDPI_IMAGES = YES;
				CONFIGURATION_BUILD_DIR = "$(PROJECT_DIR)/build/$(CONFIGURATION)";
				COPY_PHASE_STRIP = NO;
				EXCLUDED_ARCHS = "";
				GCC_DYNAMIC_NO_PIC = NO;
				GCC_OPTIMIZATION_LEVEL = 0;
				GCC_PREPROCESSOR_DEFINITIONS = (
					"_DEBUG=1",
					"DEBUG=1",
					"JUCE_DISPLAY_SPLASH_SCREEN=0",
					"JUCE_USE_DARK_SPLASH_SCREEN=1",
					"JUCE_PROJUCER_VERSION=0x70008",
					"JUCE_MODULE_AVAILABLE_juce_audio_basics=1",
					"JUCE_MODULE_AVAILABLE_juce_audio_devices=1",
					"JUCE_MODULE_AVAILABLE_juce_audio_formats=1",
					"JUCE_MODULE_AVAILABLE_juce_audio_plugin_client=1",
					"JUCE_MODULE_AVAILABLE_juce_audio_processors=1",
					"JUCE_MODULE_AVAILABLE_juce_audio_utils=1",
					"JUCE_MODULE_AVAILABLE_juce_core=1",
					"JUCE_MODULE_AVAILABLE_juce_data_structures=1",
					"JUCE_MODULE_AVAILABLE_juce_dsp=1",
					"JUCE_MODULE_AVAILABLE_juce_events=1",
					"JUCE_MODULE_AVAILABLE_juce_graphics=1",
					"JUCE_MODULE_AVAILABLE_juce_gui_basics=1",
					"JUCE_MODULE_AVAILABLE_juce_gui_extra=1",
					"JUCE_GLOBAL_MODULE_SETTINGS_INCLUDED=1",
					"JUCE_VST3_CAN_REPLACE_VST2=0",
					"JUCE_STRICT_REFCOUNTEDPOINTER=1",
					"JucePlugin_Build_VST=0",
					"JucePlugin_Build_VST3=1",
					"JucePlugin_Build_AU=1",
					"JucePlugin_Build_AUv3=0",
					"JucePlugin_Build_AAX=0",
					"JucePlugin_Build_Standalone=1",
					"JucePlugin_Build_Unity=0",
					"JucePlugin_Build_LV2=0",
					"JucePlugin_Enable_IAA=0",
					"JucePlugin_Enable_ARA=0",
					"JucePlugin_Name=\\\"viator-dual-saturator\\\"",
					"JucePlugin_Desc=\\\"viator-dual-saturator\\\"",
					"JucePlugin_Manufacturer=\\\"Viator\\ DSP\\\"",
					"JucePlugin_ManufacturerWebsite=\\\"www.ViatorDSP.com\\\"",
					"JucePlugin_ManufacturerEmail=\\\"\\\"",
					"JucePlugin_ManufacturerCode=0x4d616e75",
					"JucePlugin_PluginCode=0x48677162",
					"JucePlugin_IsSynth=0",
					"JucePlugin_WantsMidiInput=0",
					"JucePlugin_ProducesMidiOutput=0",
					"JucePlugin_IsMidiEffect=0",
					"JucePlugin_EditorRequiresKeyboardFocus=0",
					"JucePlugin_Version=0.0.1",
					"JucePlugin_VersionCode=0x1",
					"JucePlugin_VersionString=\\\"0.0.1\\\"",
					"JucePlugin_VSTUniqueID=JucePlugin_PluginCode",
					"JucePlugin_VSTCategory=kPlugCategEffect",
					"JucePlugin_Vst3Category=\\\"Fx\\\"",
					"JucePlugin_AUMainType=\\'aufx\\'",
					"JucePlugin_AUSubType=JucePlugin_PluginCode",
					"JucePlugin_AUExportPrefix=viatordualsaturatorAU",
					"JucePlugin_AUExportPrefixQuoted=\\\"viatordualsaturatorAU\\\"",
					"JucePlugin_AUManufacturerCode=JucePlugin_ManufacturerCode",
					"JucePlugin_CFBundleIdentifier=com.ViatorDSP.viatordualsaturator",
					"JucePlugin_AAXIdentifier=com.ViatorDSP.viatordualsaturator",
					"JucePlugin_AAXManufacturerCode=JucePlugin_ManufacturerCode",
					"JucePlugin_AAXProductId=JucePlugin_PluginCode",
					"JucePlugin_AAXCategory=0",
					"JucePlugin_AAXDisableBypass=0",
					"JucePlugin_AAXDisableMultiMono=0",
					"JucePlugin_IAAType=0x61757278",
					"JucePlugin_IAASubType=JucePlugin_PluginCode",
					"JucePlugin_IAAName=\\\"Viator\\ DSP:\\ viator-dual-saturator\\\"",
					"JucePlugin_VSTNumMidiInputs=16",
					"JucePlugin_VSTNumMidiOutputs=16",
					"JucePlugin_ARAContentTypes=0",
					"JucePlugin_ARATransformationFlags=0",
					"JucePlugin_ARAFactoryID=\\\"com.ViatorDSP.viatordualsaturator.factory\\\"",
					"JucePlugin_ARADocumentArchiveID=\\\"com.ViatorDSP.viatordualsaturator.aradocumentarchive.0.0.1\\\"",
					"JucePlugin_ARACompatibleArchiveIDs=\\\"\\\"",
					"JUCE_STANDALONE_APPLICATION=JucePlugin_Build_Standalone",
					"JUCER_XCODE_MAC_F6D2F4CF=1",
					"JUCE_APP_VERSION=0.0.1",
					"JUCE_APP_VERSION_HEX=0x1",
					"JUCE_SHARED_CODE=1",
				);
				GCC_VERSION = com.apple.compilers.llvm.clang.1_0;
				HEADER_SEARCH_PATHS = (
					"$(SRCROOT)/../../../../JUCE/modules/juce_audio_processors/format_types/VST3_SDK",
					"$(SRCROOT)/../../JuceLibraryCode",
					"$(SRCROOT)/../../../modules/JUCE/modules",
					"$(SRCROOT)/../../../../JUCE/modules",
					"$(SRCROOT)/../../../../JUCE/modules/juce_audio_plugin_client/AU",
					"$(inherited)",
				);
				INSTALL_PATH = "@executable_path/../Frameworks";
				MACOSX_DEPLOYMENT_TARGET = 10.13;
				MTL_HEADER_SEARCH_PATHS = "$(SRCROOT)/../../../../JUCE/modules/juce_audio_processors/format_types/VST3_SDK $(SRCROOT)/../../JuceLibraryCode $(SRCROOT)/../../../modules/JUCE/modules $(SRCROOT)/../../../../JUCE/modules $(SRCROOT)/../../../../JUCE/modules/juce_audio_plugin_client/AU";
				PRODUCT_BUNDLE_IDENTIFIER = com.ViatorDSP.viatordualsaturator;
				PRODUCT_NAME = "viator-dual-saturator";
				SKIP_INSTALL = YES;
				USE_HEADERMAP = NO;
				VALID_ARCHS = "i386 x86_64 arm64 arm64e";
			};
			name = Debug;
		};
		5766E64B7271264FE23344B3 /* Release */ = {
			isa = XCBuildConfiguration;
			buildSettings = {
				CLANG_CXX_LANGUAGE_STANDARD = "c++17";
				CLANG_CXX_LIBRARY = "libc++";
				CLANG_LINK_OBJC_RUNTIME = NO;
				COMBINE_HIDPI_IMAGES = YES;
				CONFIGURATION_BUILD_DIR = "$(PROJECT_DIR)/build/$(CONFIGURATION)";
				DEAD_CODE_STRIPPING = YES;
				EXCLUDED_ARCHS = "";
				GCC_GENERATE_DEBUGGING_SYMBOLS = NO;
				GCC_OPTIMIZATION_LEVEL = 3;
				GCC_PREPROCESSOR_DEFINITIONS = (
					"_NDEBUG=1",
					"NDEBUG=1",
					"JUCE_DISPLAY_SPLASH_SCREEN=0",
					"JUCE_USE_DARK_SPLASH_SCREEN=1",
					"JUCE_PROJUCER_VERSION=0x70008",
					"JUCE_MODULE_AVAILABLE_juce_audio_basics=1",
					"JUCE_MODULE_AVAILABLE_juce_audio_devices=1",
					"JUCE_MODULE_AVAILABLE_juce_audio_formats=1",
					"JUCE_MODULE_AVAILABLE_juce_audio_plugin_client=1",
					"JUCE_MODULE_AVAILABLE_juce_audio_processors=1",
					"JUCE_MODULE_AVAILABLE_juce_audio_utils=1",
					"JUCE_MODULE_AVAILABLE_juce_core=1",
					"JUCE_MODULE_AVAILABLE_juce_data_structures=1",
					"JUCE_MODULE_AVAILABLE_juce_dsp=1",
					"JUCE_MODULE_AVAILABLE_juce_events=1",
					"JUCE_MODULE_AVAILABLE_juce_graphics=1",
					"JUCE_MODULE_AVAILABLE_juce_gui_basics=1",
					"JUCE_MODULE_AVAILABLE_juce_gui_extra=1",
					"JUCE_GLOBAL_MODULE_SETTINGS_INCLUDED=1",
					"JUCE_VST3_CAN_REPLACE_VST2=0",
					"JUCE_STRICT_REFCOUNTEDPOINTER=1",
					"JucePlugin_Build_VST=0",
					"JucePlugin_Build_VST3=0",
					"JucePlugin_Build_AU=0",
					"JucePlugin_Build_AUv3=0",
					"JucePlugin_Build_AAX=0",
					"JucePlugin_Build_Standalone=0",
					"JucePlugin_Build_Unity=0",
					"JucePlugin_Build_LV2=0",
					"JucePlugin_Enable_IAA=0",
					"JucePlugin_Enable_ARA=0",
					"JucePlugin_Name=\\\"viator-dual-saturator\\\"",
					"JucePlugin_Desc=\\\"viator-dual-saturator\\\"",
					"JucePlugin_Manufacturer=\\\"Viator\\ DSP\\\"",
					"JucePlugin_ManufacturerWebsite=\\\"www.ViatorDSP.com\\\"",
					"JucePlugin_ManufacturerEmail=\\\"\\\"",
					"JucePlugin_ManufacturerCode=0x4d616e75",
					"JucePlugin_PluginCode=0x48677162",
					"JucePlugin_IsSynth=0",
					"JucePlugin_WantsMidiInput=0",
					"JucePlugin_ProducesMidiOutput=0",
					"JucePlugin_IsMidiEffect=0",
					"JucePlugin_EditorRequiresKeyboardFocus=0",
					"JucePlugin_Version=0.0.1",
					"JucePlugin_VersionCode=0x1",
					"JucePlugin_VersionString=\\\"0.0.1\\\"",
					"JucePlugin_VSTUniqueID=JucePlugin_PluginCode",
					"JucePlugin_VSTCategory=kPlugCategEffect",
					"JucePlugin_Vst3Category=\\\"Fx\\\"",
					"JucePlugin_AUMainType=\\'aufx\\'",
					"JucePlugin_AUSubType=JucePlugin_PluginCode",
					"JucePlugin_AUExportPrefix=viatordualsaturatorAU",
					"JucePlugin_AUExportPrefixQuoted=\\\"viatordualsaturatorAU\\\"",
					"JucePlugin_AUManufacturerCode=JucePlugin_ManufacturerCode",
					"JucePlugin_CFBundleIdentifier=com.ViatorDSP.viatordualsaturator",
					"JucePlugin_AAXIdentifier=com.ViatorDSP.viatordualsaturator",
					"JucePlugin_AAXManufacturerCode=JucePlugin_ManufacturerCode",
					"JucePlugin_AAXProductId=JucePlugin_PluginCode",
					"JucePlugin_AAXCategory=0",
					"JucePlugin_AAXDisableBypass=0",
					"JucePlugin_AAXDisableMultiMono=0",
					"JucePlugin_IAAType=0x61757278",
					"JucePlugin_IAASubType=JucePlugin_PluginCode",
					"JucePlugin_IAAName=\\\"Viator\\ DSP:\\ viator-dual-saturator\\\"",
					"JucePlugin_VSTNumMidiInputs=16",
					"JucePlugin_VSTNumMidiOutputs=16",
					"JucePlugin_ARAContentTypes=0",
					"JucePlugin_ARATransformationFlags=0",
					"JucePlugin_ARAFactoryID=\\\"com.ViatorDSP.viatordualsaturator.factory\\\"",
					"JucePlugin_ARADocumentArchiveID=\\\"com.ViatorDSP.viatordualsaturator.aradocumentarchive.0.0.1\\\"",
					"JucePlugin_ARACompatibleArchiveIDs=\\\"\\\"",
					"JUCE_STANDALONE_APPLICATION=JucePlugin_Build_Standalone",
					"JUCER_XCODE_MAC_F6D2F4CF=1",
					"JUCE_APP_VERSION=0.0.1",
					"JUCE_APP_VERSION_HEX=0x1",
				);
				GCC_VERSION = com.apple.compilers.llvm.clang.1_0;
				HEADER_SEARCH_PATHS = (
					"$(SRCROOT)/../../../../JUCE/modules/juce_audio_processors/format_types/VST3_SDK",
					"$(SRCROOT)/../../JuceLibraryCode",
					"$(SRCROOT)/../../../modules/JUCE/modules",
					"$(SRCROOT)/../../../../JUCE/modules",
					"$(SRCROOT)/../../../../JUCE/modules/juce_audio_plugin_client/AU",
					"$(inherited)",
				);
				INFOPLIST_FILE = Info-VST3_Manifest_Helper.plist;
				INFOPLIST_PREPROCESS = NO;
				LLVM_LTO = YES;
				MACOSX_DEPLOYMENT_TARGET = 10.13;
				MTL_HEADER_SEARCH_PATHS = "$(SRCROOT)/../../../../JUCE/modules/juce_audio_processors/format_types/VST3_SDK $(SRCROOT)/../../JuceLibraryCode $(SRCROOT)/../../../modules/JUCE/modules $(SRCROOT)/../../../../JUCE/modules $(SRCROOT)/../../../../JUCE/modules/juce_audio_plugin_client/AU";
				PRODUCT_BUNDLE_IDENTIFIER = com.ViatorDSP.viatordualsaturator;
				PRODUCT_NAME = "juce_vst3_helper";
				USE_HEADERMAP = NO;
				VALID_ARCHS = "i386 x86_64 arm64 arm64e";
			};
			name = Release;
		};
		714AB8C7844944769C470D88 /* Release */ = {
			isa = XCBuildConfiguration;
			buildSettings = {
				MACOSX_DEPLOYMENT_TARGET = 10.13;
				SDKROOT = macosx;
			};
			name = Release;
		};
		8999986341C806F32BE2DFFE /* Release */ = {
			isa = XCBuildConfiguration;
			buildSettings = {
				CLANG_CXX_LANGUAGE_STANDARD = "c++17";
				CLANG_CXX_LIBRARY = "libc++";
				CLANG_LINK_OBJC_RUNTIME = NO;
				COMBINE_HIDPI_IMAGES = YES;
				CONFIGURATION_BUILD_DIR = "$(PROJECT_DIR)/build/$(CONFIGURATION)";
				DEAD_CODE_STRIPPING = YES;
				EXCLUDED_ARCHS = "";
				GCC_GENERATE_DEBUGGING_SYMBOLS = NO;
				GCC_OPTIMIZATION_LEVEL = 3;
				GCC_PREPROCESSOR_DEFINITIONS = (
					"_NDEBUG=1",
					"NDEBUG=1",
					"JUCE_DISPLAY_SPLASH_SCREEN=0",
					"JUCE_USE_DARK_SPLASH_SCREEN=1",
					"JUCE_PROJUCER_VERSION=0x70008",
					"JUCE_MODULE_AVAILABLE_juce_audio_basics=1",
					"JUCE_MODULE_AVAILABLE_juce_audio_devices=1",
					"JUCE_MODULE_AVAILABLE_juce_audio_formats=1",
					"JUCE_MODULE_AVAILABLE_juce_audio_plugin_client=1",
					"JUCE_MODULE_AVAILABLE_juce_audio_processors=1",
					"JUCE_MODULE_AVAILABLE_juce_audio_utils=1",
					"JUCE_MODULE_AVAILABLE_juce_core=1",
					"JUCE_MODULE_AVAILABLE_juce_data_structures=1",
					"JUCE_MODULE_AVAILABLE_juce_dsp=1",
					"JUCE_MODULE_AVAILABLE_juce_events=1",
					"JUCE_MODULE_AVAILABLE_juce_graphics=1",
					"JUCE_MODULE_AVAILABLE_juce_gui_basics=1",
					"JUCE_MODULE_AVAILABLE_juce_gui_extra=1",
					"JUCE_GLOBAL_MODULE_SETTINGS_INCLUDED=1",
					"JUCE_VST3_CAN_REPLACE_VST2=0",
					"JUCE_STRICT_REFCOUNTEDPOINTER=1",
					"JucePlugin_Build_VST=0",
					"JucePlugin_Build_VST3=1",
					"JucePlugin_Build_AU=0",
					"JucePlugin_Build_AUv3=0",
					"JucePlugin_Build_AAX=0",
					"JucePlugin_Build_Standalone=0",
					"JucePlugin_Build_Unity=0",
					"JucePlugin_Build_LV2=0",
					"JucePlugin_Enable_IAA=0",
					"JucePlugin_Enable_ARA=0",
					"JucePlugin_Name=\\\"viator-dual-saturator\\\"",
					"JucePlugin_Desc=\\\"viator-dual-saturator\\\"",
					"JucePlugin_Manufacturer=\\\"Viator\\ DSP\\\"",
					"JucePlugin_ManufacturerWebsite=\\\"www.ViatorDSP.com\\\"",
					"JucePlugin_ManufacturerEmail=\\\"\\\"",
					"JucePlugin_ManufacturerCode=0x4d616e75",
					"JucePlugin_PluginCode=0x48677162",
					"JucePlugin_IsSynth=0",
					"JucePlugin_WantsMidiInput=0",
					"JucePlugin_ProducesMidiOutput=0",
					"JucePlugin_IsMidiEffect=0",
					"JucePlugin_EditorRequiresKeyboardFocus=0",
					"JucePlugin_Version=0.0.1",
					"JucePlugin_VersionCode=0x1",
					"JucePlugin_VersionString=\\\"0.0.1\\\"",
					"JucePlugin_VSTUniqueID=JucePlugin_PluginCode",
					"JucePlugin_VSTCategory=kPlugCategEffect",
					"JucePlugin_Vst3Category=\\\"Fx\\\"",
					"JucePlugin_AUMainType=\\'aufx\\'",
					"JucePlugin_AUSubType=JucePlugin_PluginCode",
					"JucePlugin_AUExportPrefix=viatordualsaturatorAU",
					"JucePlugin_AUExportPrefixQuoted=\\\"viatordualsaturatorAU\\\"",
					"JucePlugin_AUManufacturerCode=JucePlugin_ManufacturerCode",
					"JucePlugin_CFBundleIdentifier=com.ViatorDSP.viatordualsaturator",
					"JucePlugin_AAXIdentifier=com.ViatorDSP.viatordualsaturator",
					"JucePlugin_AAXManufacturerCode=JucePlugin_ManufacturerCode",
					"JucePlugin_AAXProductId=JucePlugin_PluginCode",
					"JucePlugin_AAXCategory=0",
					"JucePlugin_AAXDisableBypass=0",
					"JucePlugin_AAXDisableMultiMono=0",
					"JucePlugin_IAAType=0x61757278",
					"JucePlugin_IAASubType=JucePlugin_PluginCode",
					"JucePlugin_IAAName=\\\"Viator\\ DSP:\\ viator-dual-saturator\\\"",
					"JucePlugin_VSTNumMidiInputs=16",
					"JucePlugin_VSTNumMidiOutputs=16",
					"JucePlugin_ARAContentTypes=0",
					"JucePlugin_ARATransformationFlags=0",
					"JucePlugin_ARAFactoryID=\\\"com.ViatorDSP.viatordualsaturator.factory\\\"",
					"JucePlugin_ARADocumentArchiveID=\\\"com.ViatorDSP.viatordualsaturator.aradocumentarchive.0.0.1\\\"",
					"JucePlugin_ARACompatibleArchiveIDs=\\\"\\\"",
					"JUCE_STANDALONE_APPLICATION=JucePlugin_Build_Standalone",
					"JUCER_XCODE_MAC_F6D2F4CF=1",
					"JUCE_APP_VERSION=0.0.1",
					"JUCE_APP_VERSION_HEX=0x1",
				);
				GCC_VERSION = com.apple.compilers.llvm.clang.1_0;
				GENERATE_PKGINFO_FILE = YES;
				HEADER_SEARCH_PATHS = (
					"$(SRCROOT)/../../../../JUCE/modules/juce_audio_processors/format_types/VST3_SDK",
					"$(SRCROOT)/../../JuceLibraryCode",
					"$(SRCROOT)/../../../modules/JUCE/modules",
					"$(SRCROOT)/../../../../JUCE/modules",
					"$(SRCROOT)/../../../../JUCE/modules/juce_audio_plugin_client/AU",
					"$(inherited)",
				);
				INFOPLIST_FILE = Info-VST3.plist;
				INFOPLIST_PREPROCESS = NO;
				INSTALL_PATH = "$(HOME)/Library/Audio/Plug-Ins/VST3/";
				LIBRARY_STYLE = Bundle;
				LLVM_LTO = YES;
				MACOSX_DEPLOYMENT_TARGET = 10.13;
				MTL_HEADER_SEARCH_PATHS = "$(SRCROOT)/../../../../JUCE/modules/juce_audio_processors/format_types/VST3_SDK $(SRCROOT)/../../JuceLibraryCode $(SRCROOT)/../../../modules/JUCE/modules $(SRCROOT)/../../../../JUCE/modules $(SRCROOT)/../../../../JUCE/modules/juce_audio_plugin_client/AU";
				OTHER_LDFLAGS = "-bundle -lviator-dual-saturator";
				PRODUCT_BUNDLE_IDENTIFIER = com.ViatorDSP.viatordualsaturator;
				PRODUCT_NAME = "viator-dual-saturator";
				USE_HEADERMAP = NO;
				VALID_ARCHS = "i386 x86_64 arm64 arm64e";
				WRAPPER_EXTENSION = vst3;
			};
			name = Release;
		};
		8C468040D9CF4332D9C9D236 /* Debug */ = {
			isa = XCBuildConfiguration;
			buildSettings = {
				ALWAYS_SEARCH_USER_PATHS = NO;
				CLANG_ENABLE_OBJC_WEAK = YES;
				CLANG_WARN_BLOCK_CAPTURE_AUTORELEASING = YES;
				CLANG_WARN_BOOL_CONVERSION = YES;
				CLANG_WARN_COMMA = YES;
				CLANG_WARN_CONSTANT_CONVERSION = YES;
				CLANG_WARN_DEPRECATED_OBJC_IMPLEMENTATIONS = YES;
				CLANG_WARN_EMPTY_BODY = YES;
				CLANG_WARN_ENUM_CONVERSION = YES;
				CLANG_WARN_INFINITE_RECURSION = YES;
				CLANG_WARN_INT_CONVERSION = YES;
				CLANG_WARN_NON_LITERAL_NULL_CONVERSION = YES;
				CLANG_WARN_OBJC_IMPLICIT_RETAIN_SELF = YES;
				CLANG_WARN_OBJC_LITERAL_CONVERSION = YES;
				CLANG_WARN_RANGE_LOOP_ANALYSIS = YES;
				CLANG_WARN_STRICT_PROTOTYPES = YES;
				CLANG_WARN_SUSPICIOUS_MOVE = YES;
				CLANG_WARN_UNREACHABLE_CODE = YES;
				CLANG_WARN__DUPLICATE_METHOD_MATCH = YES;
				DEBUG_INFORMATION_FORMAT = dwarf;
				ENABLE_STRICT_OBJC_MSGSEND = YES;
				ENABLE_TESTABILITY = NO;
				GCC_C_LANGUAGE_STANDARD = c11;
				GCC_INLINES_ARE_PRIVATE_EXTERN = YES;
				GCC_MODEL_TUNING = G5;
				GCC_NO_COMMON_BLOCKS = YES;
				GCC_SYMBOLS_PRIVATE_EXTERN = YES;
				GCC_WARN_64_TO_32_BIT_CONVERSION = YES;
				GCC_WARN_ABOUT_RETURN_TYPE = YES;
				GCC_WARN_CHECK_SWITCH_STATEMENTS = YES;
				GCC_WARN_MISSING_PARENTHESES = YES;
				GCC_WARN_NON_VIRTUAL_DESTRUCTOR = YES;
				GCC_WARN_TYPECHECK_CALLS_TO_PRINTF = YES;
				GCC_WARN_UNDECLARED_SELECTOR = YES;
				GCC_WARN_UNINITIALIZED_AUTOS = YES;
				GCC_WARN_UNUSED_FUNCTION = YES;
				GCC_WARN_UNUSED_VARIABLE = YES;
				ONLY_ACTIVE_ARCH = YES;
				PRODUCT_NAME = "viator-dual-saturator";
				SDKROOT = macosx;
				WARNING_CFLAGS = "-Wreorder";
				ZERO_LINK = NO;
			};
			name = Debug;
		};
		B06F555494E9645A21BAEE82 /* Debug */ = {
			isa = XCBuildConfiguration;
			buildSettings = {
				CLANG_CXX_LANGUAGE_STANDARD = "c++17";
				CLANG_CXX_LIBRARY = "libc++";
				CLANG_LINK_OBJC_RUNTIME = NO;
				COMBINE_HIDPI_IMAGES = YES;
				CONFIGURATION_BUILD_DIR = "$(PROJECT_DIR)/build/$(CONFIGURATION)";
				COPY_PHASE_STRIP = NO;
				EXCLUDED_ARCHS = "";
				GCC_DYNAMIC_NO_PIC = NO;
				GCC_OPTIMIZATION_LEVEL = 0;
				GCC_PREPROCESSOR_DEFINITIONS = (
					"_DEBUG=1",
					"DEBUG=1",
					"JUCE_DISPLAY_SPLASH_SCREEN=0",
					"JUCE_USE_DARK_SPLASH_SCREEN=1",
					"JUCE_PROJUCER_VERSION=0x70008",
					"JUCE_MODULE_AVAILABLE_juce_audio_basics=1",
					"JUCE_MODULE_AVAILABLE_juce_audio_devices=1",
					"JUCE_MODULE_AVAILABLE_juce_audio_formats=1",
					"JUCE_MODULE_AVAILABLE_juce_audio_plugin_client=1",
					"JUCE_MODULE_AVAILABLE_juce_audio_processors=1",
					"JUCE_MODULE_AVAILABLE_juce_audio_utils=1",
					"JUCE_MODULE_AVAILABLE_juce_core=1",
					"JUCE_MODULE_AVAILABLE_juce_data_structures=1",
					"JUCE_MODULE_AVAILABLE_juce_dsp=1",
					"JUCE_MODULE_AVAILABLE_juce_events=1",
					"JUCE_MODULE_AVAILABLE_juce_graphics=1",
					"JUCE_MODULE_AVAILABLE_juce_gui_basics=1",
					"JUCE_MODULE_AVAILABLE_juce_gui_extra=1",
					"JUCE_GLOBAL_MODULE_SETTINGS_INCLUDED=1",
					"JUCE_VST3_CAN_REPLACE_VST2=0",
					"JUCE_STRICT_REFCOUNTEDPOINTER=1",
					"JucePlugin_Build_VST=0",
					"JucePlugin_Build_VST3=0",
					"JucePlugin_Build_AU=1",
					"JucePlugin_Build_AUv3=0",
					"JucePlugin_Build_AAX=0",
					"JucePlugin_Build_Standalone=0",
					"JucePlugin_Build_Unity=0",
					"JucePlugin_Build_LV2=0",
					"JucePlugin_Enable_IAA=0",
					"JucePlugin_Enable_ARA=0",
					"JucePlugin_Name=\\\"viator-dual-saturator\\\"",
					"JucePlugin_Desc=\\\"viator-dual-saturator\\\"",
					"JucePlugin_Manufacturer=\\\"Viator\\ DSP\\\"",
					"JucePlugin_ManufacturerWebsite=\\\"www.ViatorDSP.com\\\"",
					"JucePlugin_ManufacturerEmail=\\\"\\\"",
					"JucePlugin_ManufacturerCode=0x4d616e75",
					"JucePlugin_PluginCode=0x48677162",
					"JucePlugin_IsSynth=0",
					"JucePlugin_WantsMidiInput=0",
					"JucePlugin_ProducesMidiOutput=0",
					"JucePlugin_IsMidiEffect=0",
					"JucePlugin_EditorRequiresKeyboardFocus=0",
					"JucePlugin_Version=0.0.1",
					"JucePlugin_VersionCode=0x1",
					"JucePlugin_VersionString=\\\"0.0.1\\\"",
					"JucePlugin_VSTUniqueID=JucePlugin_PluginCode",
					"JucePlugin_VSTCategory=kPlugCategEffect",
					"JucePlugin_Vst3Category=\\\"Fx\\\"",
					"JucePlugin_AUMainType=\\'aufx\\'",
					"JucePlugin_AUSubType=JucePlugin_PluginCode",
					"JucePlugin_AUExportPrefix=viatordualsaturatorAU",
					"JucePlugin_AUExportPrefixQuoted=\\\"viatordualsaturatorAU\\\"",
					"JucePlugin_AUManufacturerCode=JucePlugin_ManufacturerCode",
					"JucePlugin_CFBundleIdentifier=com.ViatorDSP.viatordualsaturator",
					"JucePlugin_AAXIdentifier=com.ViatorDSP.viatordualsaturator",
					"JucePlugin_AAXManufacturerCode=JucePlugin_ManufacturerCode",
					"JucePlugin_AAXProductId=JucePlugin_PluginCode",
					"JucePlugin_AAXCategory=0",
					"JucePlugin_AAXDisableBypass=0",
					"JucePlugin_AAXDisableMultiMono=0",
					"JucePlugin_IAAType=0x61757278",
					"JucePlugin_IAASubType=JucePlugin_PluginCode",
					"JucePlugin_IAAName=\\\"Viator\\ DSP:\\ viator-dual-saturator\\\"",
					"JucePlugin_VSTNumMidiInputs=16",
					"JucePlugin_VSTNumMidiOutputs=16",
					"JucePlugin_ARAContentTypes=0",
					"JucePlugin_ARATransformationFlags=0",
					"JucePlugin_ARAFactoryID=\\\"com.ViatorDSP.viatordualsaturator.factory\\\"",
					"JucePlugin_ARADocumentArchiveID=\\\"com.ViatorDSP.viatordualsaturator.aradocumentarchive.0.0.1\\\"",
					"JucePlugin_ARACompatibleArchiveIDs=\\\"\\\"",
					"JUCE_STANDALONE_APPLICATION=JucePlugin_Build_Standalone",
					"JUCER_XCODE_MAC_F6D2F4CF=1",
					"JUCE_APP_VERSION=0.0.1",
					"JUCE_APP_VERSION_HEX=0x1",
				);
				GCC_VERSION = com.apple.compilers.llvm.clang.1_0;
				GENERATE_PKGINFO_FILE = YES;
				HEADER_SEARCH_PATHS = (
					"$(SRCROOT)/../../../../JUCE/modules/juce_audio_processors/format_types/VST3_SDK",
					"$(SRCROOT)/../../JuceLibraryCode",
					"$(SRCROOT)/../../../modules/JUCE/modules",
					"$(SRCROOT)/../../../../JUCE/modules",
					"$(SRCROOT)/../../../../JUCE/modules/juce_audio_plugin_client/AU",
					"$(inherited)",
				);
				INFOPLIST_FILE = Info-AU.plist;
				INFOPLIST_PREPROCESS = NO;
				INSTALL_PATH = "$(HOME)/Library/Audio/Plug-Ins/Components/";
				LIBRARY_STYLE = Bundle;
				MACOSX_DEPLOYMENT_TARGET = 10.13;
				MTL_HEADER_SEARCH_PATHS = "$(SRCROOT)/../../../../JUCE/modules/juce_audio_processors/format_types/VST3_SDK $(SRCROOT)/../../JuceLibraryCode $(SRCROOT)/../../../modules/JUCE/modules $(SRCROOT)/../../../../JUCE/modules $(SRCROOT)/../../../../JUCE/modules/juce_audio_plugin_client/AU";
				OTHER_LDFLAGS = "-bundle -lviator-dual-saturator";
				OTHER_REZFLAGS = "-d ppc_$ppc -d i386_$i386 -d ppc64_$ppc64 -d x86_64_$x86_64 -d arm64_$arm64 -I /System/Library/Frameworks/CoreServices.framework/Frameworks/CarbonCore.framework/Versions/A/Headers -I \"$(DEVELOPER_DIR)/Extras/CoreAudio/AudioUnits/AUPublic/AUBase\" -I \"$(DEVELOPER_DIR)/Platforms/MacOSX.platform/Developer/SDKs/MacOSX.sdk/System/Library/Frameworks/AudioUnit.framework/Headers\"";
				PRODUCT_BUNDLE_IDENTIFIER = com.ViatorDSP.viatordualsaturator;
				PRODUCT_NAME = "viator-dual-saturator";
				USE_HEADERMAP = NO;
				VALID_ARCHS = "i386 x86_64 arm64 arm64e";
				WRAPPER_EXTENSION = component;
			};
			name = Debug;
		};
		B6FD1BE346F4C30BEBC2CEE6 /* Debug */ = {
			isa = XCBuildConfiguration;
			buildSettings = {
				CLANG_CXX_LANGUAGE_STANDARD = "c++17";
				CLANG_CXX_LIBRARY = "libc++";
				CLANG_LINK_OBJC_RUNTIME = NO;
				COMBINE_HIDPI_IMAGES = YES;
				CONFIGURATION_BUILD_DIR = "$(PROJECT_DIR)/build/$(CONFIGURATION)";
				COPY_PHASE_STRIP = NO;
				EXCLUDED_ARCHS = "";
				GCC_DYNAMIC_NO_PIC = NO;
				GCC_OPTIMIZATION_LEVEL = 0;
				GCC_PREPROCESSOR_DEFINITIONS = (
					"_DEBUG=1",
					"DEBUG=1",
					"JUCE_DISPLAY_SPLASH_SCREEN=0",
					"JUCE_USE_DARK_SPLASH_SCREEN=1",
					"JUCE_PROJUCER_VERSION=0x70008",
					"JUCE_MODULE_AVAILABLE_juce_audio_basics=1",
					"JUCE_MODULE_AVAILABLE_juce_audio_devices=1",
					"JUCE_MODULE_AVAILABLE_juce_audio_formats=1",
					"JUCE_MODULE_AVAILABLE_juce_audio_plugin_client=1",
					"JUCE_MODULE_AVAILABLE_juce_audio_processors=1",
					"JUCE_MODULE_AVAILABLE_juce_audio_utils=1",
					"JUCE_MODULE_AVAILABLE_juce_core=1",
					"JUCE_MODULE_AVAILABLE_juce_data_structures=1",
					"JUCE_MODULE_AVAILABLE_juce_dsp=1",
					"JUCE_MODULE_AVAILABLE_juce_events=1",
					"JUCE_MODULE_AVAILABLE_juce_graphics=1",
					"JUCE_MODULE_AVAILABLE_juce_gui_basics=1",
					"JUCE_MODULE_AVAILABLE_juce_gui_extra=1",
					"JUCE_GLOBAL_MODULE_SETTINGS_INCLUDED=1",
					"JUCE_VST3_CAN_REPLACE_VST2=0",
					"JUCE_STRICT_REFCOUNTEDPOINTER=1",
					"JucePlugin_Build_VST=0",
					"JucePlugin_Build_VST3=1",
					"JucePlugin_Build_AU=0",
					"JucePlugin_Build_AUv3=0",
					"JucePlugin_Build_AAX=0",
					"JucePlugin_Build_Standalone=0",
					"JucePlugin_Build_Unity=0",
					"JucePlugin_Build_LV2=0",
					"JucePlugin_Enable_IAA=0",
					"JucePlugin_Enable_ARA=0",
					"JucePlugin_Name=\\\"viator-dual-saturator\\\"",
					"JucePlugin_Desc=\\\"viator-dual-saturator\\\"",
					"JucePlugin_Manufacturer=\\\"Viator\\ DSP\\\"",
					"JucePlugin_ManufacturerWebsite=\\\"www.ViatorDSP.com\\\"",
					"JucePlugin_ManufacturerEmail=\\\"\\\"",
					"JucePlugin_ManufacturerCode=0x4d616e75",
					"JucePlugin_PluginCode=0x48677162",
					"JucePlugin_IsSynth=0",
					"JucePlugin_WantsMidiInput=0",
					"JucePlugin_ProducesMidiOutput=0",
					"JucePlugin_IsMidiEffect=0",
					"JucePlugin_EditorRequiresKeyboardFocus=0",
					"JucePlugin_Version=0.0.1",
					"JucePlugin_VersionCode=0x1",
					"JucePlugin_VersionString=\\\"0.0.1\\\"",
					"JucePlugin_VSTUniqueID=JucePlugin_PluginCode",
					"JucePlugin_VSTCategory=kPlugCategEffect",
					"JucePlugin_Vst3Category=\\\"Fx\\\"",
					"JucePlugin_AUMainType=\\'aufx\\'",
					"JucePlugin_AUSubType=JucePlugin_PluginCode",
					"JucePlugin_AUExportPrefix=viatordualsaturatorAU",
					"JucePlugin_AUExportPrefixQuoted=\\\"viatordualsaturatorAU\\\"",
					"JucePlugin_AUManufacturerCode=JucePlugin_ManufacturerCode",
					"JucePlugin_CFBundleIdentifier=com.ViatorDSP.viatordualsaturator",
					"JucePlugin_AAXIdentifier=com.ViatorDSP.viatordualsaturator",
					"JucePlugin_AAXManufacturerCode=JucePlugin_ManufacturerCode",
					"JucePlugin_AAXProductId=JucePlugin_PluginCode",
					"JucePlugin_AAXCategory=0",
					"JucePlugin_AAXDisableBypass=0",
					"JucePlugin_AAXDisableMultiMono=0",
					"JucePlugin_IAAType=0x61757278",
					"JucePlugin_IAASubType=JucePlugin_PluginCode",
					"JucePlugin_IAAName=\\\"Viator\\ DSP:\\ viator-dual-saturator\\\"",
					"JucePlugin_VSTNumMidiInputs=16",
					"JucePlugin_VSTNumMidiOutputs=16",
					"JucePlugin_ARAContentTypes=0",
					"JucePlugin_ARATransformationFlags=0",
					"JucePlugin_ARAFactoryID=\\\"com.ViatorDSP.viatordualsaturator.factory\\\"",
					"JucePlugin_ARADocumentArchiveID=\\\"com.ViatorDSP.viatordualsaturator.aradocumentarchive.0.0.1\\\"",
					"JucePlugin_ARACompatibleArchiveIDs=\\\"\\\"",
					"JUCE_STANDALONE_APPLICATION=JucePlugin_Build_Standalone",
					"JUCER_XCODE_MAC_F6D2F4CF=1",
					"JUCE_APP_VERSION=0.0.1",
					"JUCE_APP_VERSION_HEX=0x1",
				);
				GCC_VERSION = com.apple.compilers.llvm.clang.1_0;
				GENERATE_PKGINFO_FILE = YES;
				HEADER_SEARCH_PATHS = (
					"$(SRCROOT)/../../../../JUCE/modules/juce_audio_processors/format_types/VST3_SDK",
					"$(SRCROOT)/../../JuceLibraryCode",
					"$(SRCROOT)/../../../modules/JUCE/modules",
					"$(SRCROOT)/../../../../JUCE/modules",
					"$(SRCROOT)/../../../../JUCE/modules/juce_audio_plugin_client/AU",
					"$(inherited)",
				);
				INFOPLIST_FILE = Info-VST3.plist;
				INFOPLIST_PREPROCESS = NO;
				INSTALL_PATH = "$(HOME)/Library/Audio/Plug-Ins/VST3/";
				LIBRARY_STYLE = Bundle;
				MACOSX_DEPLOYMENT_TARGET = 10.13;
				MTL_HEADER_SEARCH_PATHS = "$(SRCROOT)/../../../../JUCE/modules/juce_audio_processors/format_types/VST3_SDK $(SRCROOT)/../../JuceLibraryCode $(SRCROOT)/../../../modules/JUCE/modules $(SRCROOT)/../../../../JUCE/modules $(SRCROOT)/../../../../JUCE/modules/juce_audio_plugin_client/AU";
				OTHER_LDFLAGS = "-bundle -lviator-dual-saturator";
				PRODUCT_BUNDLE_IDENTIFIER = com.ViatorDSP.viatordualsaturator;
				PRODUCT_NAME = "viator-dual-saturator";
				USE_HEADERMAP = NO;
				VALID_ARCHS = "i386 x86_64 arm64 arm64e";
				WRAPPER_EXTENSION = vst3;
			};
			name = Debug;
		};
		EC1A29CE83E50EE1405A83DE /* Release */ = {
			isa = XCBuildConfiguration;
			buildSettings = {
				ALWAYS_SEARCH_USER_PATHS = NO;
				CLANG_ENABLE_OBJC_WEAK = YES;
				CLANG_WARN_BLOCK_CAPTURE_AUTORELEASING = YES;
				CLANG_WARN_BOOL_CONVERSION = YES;
				CLANG_WARN_COMMA = YES;
				CLANG_WARN_CONSTANT_CONVERSION = YES;
				CLANG_WARN_DEPRECATED_OBJC_IMPLEMENTATIONS = YES;
				CLANG_WARN_EMPTY_BODY = YES;
				CLANG_WARN_ENUM_CONVERSION = YES;
				CLANG_WARN_INFINITE_RECURSION = YES;
				CLANG_WARN_INT_CONVERSION = YES;
				CLANG_WARN_NON_LITERAL_NULL_CONVERSION = YES;
				CLANG_WARN_OBJC_IMPLICIT_RETAIN_SELF = YES;
				CLANG_WARN_OBJC_LITERAL_CONVERSION = YES;
				CLANG_WARN_RANGE_LOOP_ANALYSIS = YES;
				CLANG_WARN_STRICT_PROTOTYPES = YES;
				CLANG_WARN_SUSPICIOUS_MOVE = YES;
				CLANG_WARN_UNREACHABLE_CODE = YES;
				CLANG_WARN__DUPLICATE_METHOD_MATCH = YES;
				DEBUG_INFORMATION_FORMAT = dwarf;
				ENABLE_STRICT_OBJC_MSGSEND = YES;
				ENABLE_TESTABILITY = NO;
				GCC_C_LANGUAGE_STANDARD = c11;
				GCC_INLINES_ARE_PRIVATE_EXTERN = YES;
				GCC_MODEL_TUNING = G5;
				GCC_NO_COMMON_BLOCKS = YES;
				GCC_SYMBOLS_PRIVATE_EXTERN = YES;
				GCC_WARN_64_TO_32_BIT_CONVERSION = YES;
				GCC_WARN_ABOUT_RETURN_TYPE = YES;
				GCC_WARN_CHECK_SWITCH_STATEMENTS = YES;
				GCC_WARN_MISSING_PARENTHESES = YES;
				GCC_WARN_NON_VIRTUAL_DESTRUCTOR = YES;
				GCC_WARN_TYPECHECK_CALLS_TO_PRINTF = YES;
				GCC_WARN_UNDECLARED_SELECTOR = YES;
				GCC_WARN_UNINITIALIZED_AUTOS = YES;
				GCC_WARN_UNUSED_FUNCTION = YES;
				GCC_WARN_UNUSED_VARIABLE = YES;
				PRODUCT_NAME = "viator-dual-saturator";
				SDKROOT = macosx;
				WARNING_CFLAGS = "-Wreorder";
				ZERO_LINK = NO;
			};
			name = Release;
		};
/* End XCBuildConfiguration section */

/* Begin XCConfigurationList section */
		1390B239FEC409B365B436CA = {
			isa = XCConfigurationList;
			buildConfigurations = (
				3E6F580B4821DCE6DFC48228,
				714AB8C7844944769C470D88,
			);
			defaultConfigurationIsVisible = 0;
			defaultConfigurationName = Debug;
		};
		7E55F9680E51699988ED7F50 = {
			isa = XCConfigurationList;
			buildConfigurations = (
				4C3227CA17D8BF8C5B996EED,
				28A42920B4984A3FA8599B1D,
			);
			defaultConfigurationIsVisible = 0;
			defaultConfigurationName = Debug;
		};
		A76895AE1E0FEE8BB68C4E2B = {
			isa = XCConfigurationList;
			buildConfigurations = (
				332F98CB5614BE3E0DF5DA04,
				5766E64B7271264FE23344B3,
			);
			defaultConfigurationIsVisible = 0;
			defaultConfigurationName = Debug;
		};
		B920C02D222C5C809F45A4FA = {
			isa = XCConfigurationList;
			buildConfigurations = (
				8C468040D9CF4332D9C9D236,
				EC1A29CE83E50EE1405A83DE,
			);
			defaultConfigurationIsVisible = 0;
			defaultConfigurationName = Debug;
		};
		D21DB75342FF04BB655357ED = {
			isa = XCConfigurationList;
			buildConfigurations = (
				B6FD1BE346F4C30BEBC2CEE6,
				8999986341C806F32BE2DFFE,
			);
			defaultConfigurationIsVisible = 0;
			defaultConfigurationName = Debug;
		};
		D62C106D45643BAC8F372149 = {
			isa = XCConfigurationList;
			buildConfigurations = (
				B06F555494E9645A21BAEE82,
				015B2463B866EC0A8BA5B61F,
			);
			defaultConfigurationIsVisible = 0;
			defaultConfigurationName = Debug;
		};
		ECA65805B225FACA0174D880 = {
			isa = XCConfigurationList;
			buildConfigurations = (
				0A185B27D921B1A3F4E55BA6,
				0F7B8876D185CAE88304C1BE,
			);
			defaultConfigurationIsVisible = 0;
			defaultConfigurationName = Debug;
		};
/* End XCConfigurationList section */
	};
	rootObject = FA1ECF853DE8EC5482641255 /* Project object */;
}
